// !$*UTF8*$!
{
	archiveVersion = 1;
	classes = {
	};
	objectVersion = 46;
	objects = {

/* Begin PBXBuildFile section */
		63F6484A1F0F76E300E0364E /* Adaboost.cpp in Sources */ = {isa = PBXBuildFile; fileRef = 63F6483E1F0F76E300E0364E /* Adaboost.cpp */; };
		63F6484B1F0F76E300E0364E /* Dataset.cpp in Sources */ = {isa = PBXBuildFile; fileRef = 63F648411F0F76E300E0364E /* Dataset.cpp */; };
		63F6484C1F0F76E300E0364E /* DQT.cpp in Sources */ = {isa = PBXBuildFile; fileRef = 63F648431F0F76E300E0364E /* DQT.cpp */; };
		63F6484D1F0F76E300E0364E /* main.cpp in Sources */ = {isa = PBXBuildFile; fileRef = 63F648441F0F76E300E0364E /* main.cpp */; };
		63F6484E1F0F76E300E0364E /* Parameter.cpp in Sources */ = {isa = PBXBuildFile; fileRef = 63F648451F0F76E300E0364E /* Parameter.cpp */; };
		63F6484F1F0F76E300E0364E /* pugixml.cpp in Sources */ = {isa = PBXBuildFile; fileRef = 63F648481F0F76E300E0364E /* pugixml.cpp */; };
		63F6488A1F0F76F600E0364E /* libiomp5.dylib in Frameworks */ = {isa = PBXBuildFile; fileRef = 63F648511F0F76F600E0364E /* libiomp5.dylib */; };
		63F6488B1F0F76F600E0364E /* libomp.dylib in Frameworks */ = {isa = PBXBuildFile; fileRef = 63F648521F0F76F600E0364E /* libomp.dylib */; };
		63F6488C1F0F76F600E0364E /* libopencv_calib3d.2.4.13.dylib in Frameworks */ = {isa = PBXBuildFile; fileRef = 63F648531F0F76F600E0364E /* libopencv_calib3d.2.4.13.dylib */; };
		63F6488D1F0F76F600E0364E /* libopencv_calib3d.2.4.dylib in Frameworks */ = {isa = PBXBuildFile; fileRef = 63F648541F0F76F600E0364E /* libopencv_calib3d.2.4.dylib */; };
		63F6488E1F0F76F600E0364E /* libopencv_calib3d.dylib in Frameworks */ = {isa = PBXBuildFile; fileRef = 63F648551F0F76F600E0364E /* libopencv_calib3d.dylib */; };
		63F6488F1F0F76F600E0364E /* libopencv_contrib.2.4.13.dylib in Frameworks */ = {isa = PBXBuildFile; fileRef = 63F648561F0F76F600E0364E /* libopencv_contrib.2.4.13.dylib */; };
		63F648901F0F76F600E0364E /* libopencv_contrib.2.4.dylib in Frameworks */ = {isa = PBXBuildFile; fileRef = 63F648571F0F76F600E0364E /* libopencv_contrib.2.4.dylib */; };
		63F648911F0F76F600E0364E /* libopencv_contrib.dylib in Frameworks */ = {isa = PBXBuildFile; fileRef = 63F648581F0F76F600E0364E /* libopencv_contrib.dylib */; };
		63F648921F0F76F600E0364E /* libopencv_core.2.4.13.dylib in Frameworks */ = {isa = PBXBuildFile; fileRef = 63F648591F0F76F600E0364E /* libopencv_core.2.4.13.dylib */; };
		63F648931F0F76F600E0364E /* libopencv_core.2.4.dylib in Frameworks */ = {isa = PBXBuildFile; fileRef = 63F6485A1F0F76F600E0364E /* libopencv_core.2.4.dylib */; };
		63F648941F0F76F600E0364E /* libopencv_core.dylib in Frameworks */ = {isa = PBXBuildFile; fileRef = 63F6485B1F0F76F600E0364E /* libopencv_core.dylib */; };
		63F648951F0F76F600E0364E /* libopencv_features2d.2.4.13.dylib in Frameworks */ = {isa = PBXBuildFile; fileRef = 63F6485C1F0F76F600E0364E /* libopencv_features2d.2.4.13.dylib */; };
		63F648961F0F76F600E0364E /* libopencv_features2d.2.4.dylib in Frameworks */ = {isa = PBXBuildFile; fileRef = 63F6485D1F0F76F600E0364E /* libopencv_features2d.2.4.dylib */; };
		63F648971F0F76F600E0364E /* libopencv_features2d.dylib in Frameworks */ = {isa = PBXBuildFile; fileRef = 63F6485E1F0F76F600E0364E /* libopencv_features2d.dylib */; };
		63F648981F0F76F600E0364E /* libopencv_flann.2.4.13.dylib in Frameworks */ = {isa = PBXBuildFile; fileRef = 63F6485F1F0F76F600E0364E /* libopencv_flann.2.4.13.dylib */; };
		63F648991F0F76F600E0364E /* libopencv_flann.2.4.dylib in Frameworks */ = {isa = PBXBuildFile; fileRef = 63F648601F0F76F600E0364E /* libopencv_flann.2.4.dylib */; };
		63F6489A1F0F76F600E0364E /* libopencv_flann.dylib in Frameworks */ = {isa = PBXBuildFile; fileRef = 63F648611F0F76F600E0364E /* libopencv_flann.dylib */; };
		63F6489B1F0F76F600E0364E /* libopencv_gpu.2.4.13.dylib in Frameworks */ = {isa = PBXBuildFile; fileRef = 63F648621F0F76F600E0364E /* libopencv_gpu.2.4.13.dylib */; };
		63F6489C1F0F76F600E0364E /* libopencv_gpu.2.4.dylib in Frameworks */ = {isa = PBXBuildFile; fileRef = 63F648631F0F76F600E0364E /* libopencv_gpu.2.4.dylib */; };
		63F6489D1F0F76F600E0364E /* libopencv_gpu.dylib in Frameworks */ = {isa = PBXBuildFile; fileRef = 63F648641F0F76F600E0364E /* libopencv_gpu.dylib */; };
		63F6489E1F0F76F600E0364E /* libopencv_highgui.2.4.13.dylib in Frameworks */ = {isa = PBXBuildFile; fileRef = 63F648651F0F76F600E0364E /* libopencv_highgui.2.4.13.dylib */; };
		63F6489F1F0F76F600E0364E /* libopencv_highgui.2.4.dylib in Frameworks */ = {isa = PBXBuildFile; fileRef = 63F648661F0F76F600E0364E /* libopencv_highgui.2.4.dylib */; };
		63F648A01F0F76F600E0364E /* libopencv_highgui.dylib in Frameworks */ = {isa = PBXBuildFile; fileRef = 63F648671F0F76F600E0364E /* libopencv_highgui.dylib */; };
		63F648A11F0F76F600E0364E /* libopencv_imgproc.2.4.13.dylib in Frameworks */ = {isa = PBXBuildFile; fileRef = 63F648681F0F76F600E0364E /* libopencv_imgproc.2.4.13.dylib */; };
		63F648A21F0F76F600E0364E /* libopencv_imgproc.2.4.dylib in Frameworks */ = {isa = PBXBuildFile; fileRef = 63F648691F0F76F600E0364E /* libopencv_imgproc.2.4.dylib */; };
		63F648A31F0F76F600E0364E /* libopencv_imgproc.dylib in Frameworks */ = {isa = PBXBuildFile; fileRef = 63F6486A1F0F76F600E0364E /* libopencv_imgproc.dylib */; };
		63F648A41F0F76F600E0364E /* libopencv_legacy.2.4.13.dylib in Frameworks */ = {isa = PBXBuildFile; fileRef = 63F6486B1F0F76F600E0364E /* libopencv_legacy.2.4.13.dylib */; };
		63F648A51F0F76F600E0364E /* libopencv_legacy.2.4.dylib in Frameworks */ = {isa = PBXBuildFile; fileRef = 63F6486C1F0F76F600E0364E /* libopencv_legacy.2.4.dylib */; };
		63F648A61F0F76F600E0364E /* libopencv_legacy.dylib in Frameworks */ = {isa = PBXBuildFile; fileRef = 63F6486D1F0F76F600E0364E /* libopencv_legacy.dylib */; };
		63F648A71F0F76F600E0364E /* libopencv_ml.2.4.13.dylib in Frameworks */ = {isa = PBXBuildFile; fileRef = 63F6486E1F0F76F600E0364E /* libopencv_ml.2.4.13.dylib */; };
		63F648A81F0F76F600E0364E /* libopencv_ml.2.4.dylib in Frameworks */ = {isa = PBXBuildFile; fileRef = 63F6486F1F0F76F600E0364E /* libopencv_ml.2.4.dylib */; };
		63F648A91F0F76F600E0364E /* libopencv_ml.dylib in Frameworks */ = {isa = PBXBuildFile; fileRef = 63F648701F0F76F600E0364E /* libopencv_ml.dylib */; };
		63F648AA1F0F76F600E0364E /* libopencv_nonfree.2.4.13.dylib in Frameworks */ = {isa = PBXBuildFile; fileRef = 63F648711F0F76F600E0364E /* libopencv_nonfree.2.4.13.dylib */; };
		63F648AB1F0F76F600E0364E /* libopencv_nonfree.2.4.dylib in Frameworks */ = {isa = PBXBuildFile; fileRef = 63F648721F0F76F600E0364E /* libopencv_nonfree.2.4.dylib */; };
		63F648AC1F0F76F600E0364E /* libopencv_nonfree.dylib in Frameworks */ = {isa = PBXBuildFile; fileRef = 63F648731F0F76F600E0364E /* libopencv_nonfree.dylib */; };
		63F648AD1F0F76F600E0364E /* libopencv_objdetect.2.4.13.dylib in Frameworks */ = {isa = PBXBuildFile; fileRef = 63F648741F0F76F600E0364E /* libopencv_objdetect.2.4.13.dylib */; };
		63F648AE1F0F76F600E0364E /* libopencv_objdetect.2.4.dylib in Frameworks */ = {isa = PBXBuildFile; fileRef = 63F648751F0F76F600E0364E /* libopencv_objdetect.2.4.dylib */; };
		63F648AF1F0F76F600E0364E /* libopencv_objdetect.dylib in Frameworks */ = {isa = PBXBuildFile; fileRef = 63F648761F0F76F600E0364E /* libopencv_objdetect.dylib */; };
		63F648B01F0F76F600E0364E /* libopencv_ocl.2.4.13.dylib in Frameworks */ = {isa = PBXBuildFile; fileRef = 63F648771F0F76F600E0364E /* libopencv_ocl.2.4.13.dylib */; };
		63F648B11F0F76F600E0364E /* libopencv_ocl.2.4.dylib in Frameworks */ = {isa = PBXBuildFile; fileRef = 63F648781F0F76F600E0364E /* libopencv_ocl.2.4.dylib */; };
		63F648B21F0F76F600E0364E /* libopencv_ocl.dylib in Frameworks */ = {isa = PBXBuildFile; fileRef = 63F648791F0F76F600E0364E /* libopencv_ocl.dylib */; };
		63F648B31F0F76F600E0364E /* libopencv_photo.2.4.13.dylib in Frameworks */ = {isa = PBXBuildFile; fileRef = 63F6487A1F0F76F600E0364E /* libopencv_photo.2.4.13.dylib */; };
		63F648B41F0F76F600E0364E /* libopencv_photo.2.4.dylib in Frameworks */ = {isa = PBXBuildFile; fileRef = 63F6487B1F0F76F600E0364E /* libopencv_photo.2.4.dylib */; };
		63F648B51F0F76F600E0364E /* libopencv_photo.dylib in Frameworks */ = {isa = PBXBuildFile; fileRef = 63F6487C1F0F76F600E0364E /* libopencv_photo.dylib */; };
		63F648B61F0F76F600E0364E /* libopencv_stitching.2.4.13.dylib in Frameworks */ = {isa = PBXBuildFile; fileRef = 63F6487D1F0F76F600E0364E /* libopencv_stitching.2.4.13.dylib */; };
		63F648B71F0F76F600E0364E /* libopencv_stitching.2.4.dylib in Frameworks */ = {isa = PBXBuildFile; fileRef = 63F6487E1F0F76F600E0364E /* libopencv_stitching.2.4.dylib */; };
		63F648B81F0F76F600E0364E /* libopencv_stitching.dylib in Frameworks */ = {isa = PBXBuildFile; fileRef = 63F6487F1F0F76F600E0364E /* libopencv_stitching.dylib */; };
		63F648B91F0F76F600E0364E /* libopencv_superres.2.4.13.dylib in Frameworks */ = {isa = PBXBuildFile; fileRef = 63F648801F0F76F600E0364E /* libopencv_superres.2.4.13.dylib */; };
		63F648BA1F0F76F600E0364E /* libopencv_superres.2.4.dylib in Frameworks */ = {isa = PBXBuildFile; fileRef = 63F648811F0F76F600E0364E /* libopencv_superres.2.4.dylib */; };
		63F648BB1F0F76F600E0364E /* libopencv_superres.dylib in Frameworks */ = {isa = PBXBuildFile; fileRef = 63F648821F0F76F600E0364E /* libopencv_superres.dylib */; };
		63F648BC1F0F76F600E0364E /* libopencv_ts.a in Frameworks */ = {isa = PBXBuildFile; fileRef = 63F648831F0F76F600E0364E /* libopencv_ts.a */; };
		63F648BD1F0F76F600E0364E /* libopencv_video.2.4.13.dylib in Frameworks */ = {isa = PBXBuildFile; fileRef = 63F648841F0F76F600E0364E /* libopencv_video.2.4.13.dylib */; };
		63F648BE1F0F76F600E0364E /* libopencv_video.2.4.dylib in Frameworks */ = {isa = PBXBuildFile; fileRef = 63F648851F0F76F600E0364E /* libopencv_video.2.4.dylib */; };
		63F648BF1F0F76F600E0364E /* libopencv_video.dylib in Frameworks */ = {isa = PBXBuildFile; fileRef = 63F648861F0F76F600E0364E /* libopencv_video.dylib */; };
		63F648C01F0F76F600E0364E /* libopencv_videostab.2.4.13.dylib in Frameworks */ = {isa = PBXBuildFile; fileRef = 63F648871F0F76F600E0364E /* libopencv_videostab.2.4.13.dylib */; };
		63F648C11F0F76F600E0364E /* libopencv_videostab.2.4.dylib in Frameworks */ = {isa = PBXBuildFile; fileRef = 63F648881F0F76F600E0364E /* libopencv_videostab.2.4.dylib */; };
		63F648C21F0F76F600E0364E /* libopencv_videostab.dylib in Frameworks */ = {isa = PBXBuildFile; fileRef = 63F648891F0F76F600E0364E /* libopencv_videostab.dylib */; };
/* End PBXBuildFile section */

/* Begin PBXCopyFilesBuildPhase section */
		63A8C7B01F0391F800B30567 /* CopyFiles */ = {
			isa = PBXCopyFilesBuildPhase;
			buildActionMask = 2147483647;
			dstPath = /usr/share/man/man1/;
			dstSubfolderSpec = 0;
			files = (
			);
			runOnlyForDeploymentPostprocessing = 1;
		};
/* End PBXCopyFilesBuildPhase section */

/* Begin PBXFileReference section */
		63A8C7B21F0391F800B30567 /* NPD_A */ = {isa = PBXFileReference; explicitFileType = "compiled.mach-o.executable"; includeInIndex = 0; path = NPD_A; sourceTree = BUILT_PRODUCTS_DIR; };
		63F6483E1F0F76E300E0364E /* Adaboost.cpp */ = {isa = PBXFileReference; fileEncoding = 4; lastKnownFileType = sourcecode.cpp.cpp; name = Adaboost.cpp; path = NPD/Adaboost.cpp; sourceTree = SOURCE_ROOT; };
		63F6483F1F0F76E300E0364E /* Adaboost.h */ = {isa = PBXFileReference; fileEncoding = 4; lastKnownFileType = sourcecode.c.h; name = Adaboost.h; path = NPD/Adaboost.h; sourceTree = SOURCE_ROOT; };
		63F648401F0F76E300E0364E /* common.h */ = {isa = PBXFileReference; fileEncoding = 4; lastKnownFileType = sourcecode.c.h; name = common.h; path = NPD/common.h; sourceTree = SOURCE_ROOT; };
		63F648411F0F76E300E0364E /* Dataset.cpp */ = {isa = PBXFileReference; fileEncoding = 4; lastKnownFileType = sourcecode.cpp.cpp; name = Dataset.cpp; path = NPD/Dataset.cpp; sourceTree = SOURCE_ROOT; };
		63F648421F0F76E300E0364E /* Dataset.h */ = {isa = PBXFileReference; fileEncoding = 4; lastKnownFileType = sourcecode.c.h; name = Dataset.h; path = NPD/Dataset.h; sourceTree = SOURCE_ROOT; };
		63F648431F0F76E300E0364E /* DQT.cpp */ = {isa = PBXFileReference; fileEncoding = 4; lastKnownFileType = sourcecode.cpp.cpp; name = DQT.cpp; path = NPD/DQT.cpp; sourceTree = SOURCE_ROOT; };
		63F648441F0F76E300E0364E /* main.cpp */ = {isa = PBXFileReference; fileEncoding = 4; lastKnownFileType = sourcecode.cpp.cpp; name = main.cpp; path = NPD/main.cpp; sourceTree = SOURCE_ROOT; };
		63F648451F0F76E300E0364E /* Parameter.cpp */ = {isa = PBXFileReference; fileEncoding = 4; lastKnownFileType = sourcecode.cpp.cpp; name = Parameter.cpp; path = NPD/Parameter.cpp; sourceTree = SOURCE_ROOT; };
		63F648461F0F76E300E0364E /* Parameter.h */ = {isa = PBXFileReference; fileEncoding = 4; lastKnownFileType = sourcecode.c.h; name = Parameter.h; path = NPD/Parameter.h; sourceTree = SOURCE_ROOT; };
		63F648471F0F76E300E0364E /* pugiconfig.hpp */ = {isa = PBXFileReference; fileEncoding = 4; lastKnownFileType = sourcecode.cpp.h; name = pugiconfig.hpp; path = NPD/pugiconfig.hpp; sourceTree = SOURCE_ROOT; };
		63F648481F0F76E300E0364E /* pugixml.cpp */ = {isa = PBXFileReference; fileEncoding = 4; lastKnownFileType = sourcecode.cpp.cpp; name = pugixml.cpp; path = NPD/pugixml.cpp; sourceTree = SOURCE_ROOT; };
		63F648491F0F76E300E0364E /* pugixml.hpp */ = {isa = PBXFileReference; fileEncoding = 4; lastKnownFileType = sourcecode.cpp.h; name = pugixml.hpp; path = NPD/pugixml.hpp; sourceTree = SOURCE_ROOT; };
		63F648511F0F76F600E0364E /* libiomp5.dylib */ = {isa = PBXFileReference; lastKnownFileType = "compiled.mach-o.dylib"; name = libiomp5.dylib; path = NPD/opencvlib/libiomp5.dylib; sourceTree = SOURCE_ROOT; };
		63F648521F0F76F600E0364E /* libomp.dylib */ = {isa = PBXFileReference; lastKnownFileType = "compiled.mach-o.dylib"; name = libomp.dylib; path = NPD/opencvlib/libomp.dylib; sourceTree = SOURCE_ROOT; };
		63F648531F0F76F600E0364E /* libopencv_calib3d.2.4.13.dylib */ = {isa = PBXFileReference; lastKnownFileType = "compiled.mach-o.dylib"; name = libopencv_calib3d.2.4.13.dylib; path = NPD/opencvlib/libopencv_calib3d.2.4.13.dylib; sourceTree = SOURCE_ROOT; };
		63F648541F0F76F600E0364E /* libopencv_calib3d.2.4.dylib */ = {isa = PBXFileReference; lastKnownFileType = "compiled.mach-o.dylib"; name = libopencv_calib3d.2.4.dylib; path = NPD/opencvlib/libopencv_calib3d.2.4.dylib; sourceTree = SOURCE_ROOT; };
		63F648551F0F76F600E0364E /* libopencv_calib3d.dylib */ = {isa = PBXFileReference; lastKnownFileType = "compiled.mach-o.dylib"; name = libopencv_calib3d.dylib; path = NPD/opencvlib/libopencv_calib3d.dylib; sourceTree = SOURCE_ROOT; };
		63F648561F0F76F600E0364E /* libopencv_contrib.2.4.13.dylib */ = {isa = PBXFileReference; lastKnownFileType = "compiled.mach-o.dylib"; name = libopencv_contrib.2.4.13.dylib; path = NPD/opencvlib/libopencv_contrib.2.4.13.dylib; sourceTree = SOURCE_ROOT; };
		63F648571F0F76F600E0364E /* libopencv_contrib.2.4.dylib */ = {isa = PBXFileReference; lastKnownFileType = "compiled.mach-o.dylib"; name = libopencv_contrib.2.4.dylib; path = NPD/opencvlib/libopencv_contrib.2.4.dylib; sourceTree = SOURCE_ROOT; };
		63F648581F0F76F600E0364E /* libopencv_contrib.dylib */ = {isa = PBXFileReference; lastKnownFileType = "compiled.mach-o.dylib"; name = libopencv_contrib.dylib; path = NPD/opencvlib/libopencv_contrib.dylib; sourceTree = SOURCE_ROOT; };
		63F648591F0F76F600E0364E /* libopencv_core.2.4.13.dylib */ = {isa = PBXFileReference; lastKnownFileType = "compiled.mach-o.dylib"; name = libopencv_core.2.4.13.dylib; path = NPD/opencvlib/libopencv_core.2.4.13.dylib; sourceTree = SOURCE_ROOT; };
		63F6485A1F0F76F600E0364E /* libopencv_core.2.4.dylib */ = {isa = PBXFileReference; lastKnownFileType = "compiled.mach-o.dylib"; name = libopencv_core.2.4.dylib; path = NPD/opencvlib/libopencv_core.2.4.dylib; sourceTree = SOURCE_ROOT; };
		63F6485B1F0F76F600E0364E /* libopencv_core.dylib */ = {isa = PBXFileReference; lastKnownFileType = "compiled.mach-o.dylib"; name = libopencv_core.dylib; path = NPD/opencvlib/libopencv_core.dylib; sourceTree = SOURCE_ROOT; };
		63F6485C1F0F76F600E0364E /* libopencv_features2d.2.4.13.dylib */ = {isa = PBXFileReference; lastKnownFileType = "compiled.mach-o.dylib"; name = libopencv_features2d.2.4.13.dylib; path = NPD/opencvlib/libopencv_features2d.2.4.13.dylib; sourceTree = SOURCE_ROOT; };
		63F6485D1F0F76F600E0364E /* libopencv_features2d.2.4.dylib */ = {isa = PBXFileReference; lastKnownFileType = "compiled.mach-o.dylib"; name = libopencv_features2d.2.4.dylib; path = NPD/opencvlib/libopencv_features2d.2.4.dylib; sourceTree = SOURCE_ROOT; };
		63F6485E1F0F76F600E0364E /* libopencv_features2d.dylib */ = {isa = PBXFileReference; lastKnownFileType = "compiled.mach-o.dylib"; name = libopencv_features2d.dylib; path = NPD/opencvlib/libopencv_features2d.dylib; sourceTree = SOURCE_ROOT; };
		63F6485F1F0F76F600E0364E /* libopencv_flann.2.4.13.dylib */ = {isa = PBXFileReference; lastKnownFileType = "compiled.mach-o.dylib"; name = libopencv_flann.2.4.13.dylib; path = NPD/opencvlib/libopencv_flann.2.4.13.dylib; sourceTree = SOURCE_ROOT; };
		63F648601F0F76F600E0364E /* libopencv_flann.2.4.dylib */ = {isa = PBXFileReference; lastKnownFileType = "compiled.mach-o.dylib"; name = libopencv_flann.2.4.dylib; path = NPD/opencvlib/libopencv_flann.2.4.dylib; sourceTree = SOURCE_ROOT; };
		63F648611F0F76F600E0364E /* libopencv_flann.dylib */ = {isa = PBXFileReference; lastKnownFileType = "compiled.mach-o.dylib"; name = libopencv_flann.dylib; path = NPD/opencvlib/libopencv_flann.dylib; sourceTree = SOURCE_ROOT; };
		63F648621F0F76F600E0364E /* libopencv_gpu.2.4.13.dylib */ = {isa = PBXFileReference; lastKnownFileType = "compiled.mach-o.dylib"; name = libopencv_gpu.2.4.13.dylib; path = NPD/opencvlib/libopencv_gpu.2.4.13.dylib; sourceTree = SOURCE_ROOT; };
		63F648631F0F76F600E0364E /* libopencv_gpu.2.4.dylib */ = {isa = PBXFileReference; lastKnownFileType = "compiled.mach-o.dylib"; name = libopencv_gpu.2.4.dylib; path = NPD/opencvlib/libopencv_gpu.2.4.dylib; sourceTree = SOURCE_ROOT; };
		63F648641F0F76F600E0364E /* libopencv_gpu.dylib */ = {isa = PBXFileReference; lastKnownFileType = "compiled.mach-o.dylib"; name = libopencv_gpu.dylib; path = NPD/opencvlib/libopencv_gpu.dylib; sourceTree = SOURCE_ROOT; };
		63F648651F0F76F600E0364E /* libopencv_highgui.2.4.13.dylib */ = {isa = PBXFileReference; lastKnownFileType = "compiled.mach-o.dylib"; name = libopencv_highgui.2.4.13.dylib; path = NPD/opencvlib/libopencv_highgui.2.4.13.dylib; sourceTree = SOURCE_ROOT; };
		63F648661F0F76F600E0364E /* libopencv_highgui.2.4.dylib */ = {isa = PBXFileReference; lastKnownFileType = "compiled.mach-o.dylib"; name = libopencv_highgui.2.4.dylib; path = NPD/opencvlib/libopencv_highgui.2.4.dylib; sourceTree = SOURCE_ROOT; };
		63F648671F0F76F600E0364E /* libopencv_highgui.dylib */ = {isa = PBXFileReference; lastKnownFileType = "compiled.mach-o.dylib"; name = libopencv_highgui.dylib; path = NPD/opencvlib/libopencv_highgui.dylib; sourceTree = SOURCE_ROOT; };
		63F648681F0F76F600E0364E /* libopencv_imgproc.2.4.13.dylib */ = {isa = PBXFileReference; lastKnownFileType = "compiled.mach-o.dylib"; name = libopencv_imgproc.2.4.13.dylib; path = NPD/opencvlib/libopencv_imgproc.2.4.13.dylib; sourceTree = SOURCE_ROOT; };
		63F648691F0F76F600E0364E /* libopencv_imgproc.2.4.dylib */ = {isa = PBXFileReference; lastKnownFileType = "compiled.mach-o.dylib"; name = libopencv_imgproc.2.4.dylib; path = NPD/opencvlib/libopencv_imgproc.2.4.dylib; sourceTree = SOURCE_ROOT; };
		63F6486A1F0F76F600E0364E /* libopencv_imgproc.dylib */ = {isa = PBXFileReference; lastKnownFileType = "compiled.mach-o.dylib"; name = libopencv_imgproc.dylib; path = NPD/opencvlib/libopencv_imgproc.dylib; sourceTree = SOURCE_ROOT; };
		63F6486B1F0F76F600E0364E /* libopencv_legacy.2.4.13.dylib */ = {isa = PBXFileReference; lastKnownFileType = "compiled.mach-o.dylib"; name = libopencv_legacy.2.4.13.dylib; path = NPD/opencvlib/libopencv_legacy.2.4.13.dylib; sourceTree = SOURCE_ROOT; };
		63F6486C1F0F76F600E0364E /* libopencv_legacy.2.4.dylib */ = {isa = PBXFileReference; lastKnownFileType = "compiled.mach-o.dylib"; name = libopencv_legacy.2.4.dylib; path = NPD/opencvlib/libopencv_legacy.2.4.dylib; sourceTree = SOURCE_ROOT; };
		63F6486D1F0F76F600E0364E /* libopencv_legacy.dylib */ = {isa = PBXFileReference; lastKnownFileType = "compiled.mach-o.dylib"; name = libopencv_legacy.dylib; path = NPD/opencvlib/libopencv_legacy.dylib; sourceTree = SOURCE_ROOT; };
		63F6486E1F0F76F600E0364E /* libopencv_ml.2.4.13.dylib */ = {isa = PBXFileReference; lastKnownFileType = "compiled.mach-o.dylib"; name = libopencv_ml.2.4.13.dylib; path = NPD/opencvlib/libopencv_ml.2.4.13.dylib; sourceTree = SOURCE_ROOT; };
		63F6486F1F0F76F600E0364E /* libopencv_ml.2.4.dylib */ = {isa = PBXFileReference; lastKnownFileType = "compiled.mach-o.dylib"; name = libopencv_ml.2.4.dylib; path = NPD/opencvlib/libopencv_ml.2.4.dylib; sourceTree = SOURCE_ROOT; };
		63F648701F0F76F600E0364E /* libopencv_ml.dylib */ = {isa = PBXFileReference; lastKnownFileType = "compiled.mach-o.dylib"; name = libopencv_ml.dylib; path = NPD/opencvlib/libopencv_ml.dylib; sourceTree = SOURCE_ROOT; };
		63F648711F0F76F600E0364E /* libopencv_nonfree.2.4.13.dylib */ = {isa = PBXFileReference; lastKnownFileType = "compiled.mach-o.dylib"; name = libopencv_nonfree.2.4.13.dylib; path = NPD/opencvlib/libopencv_nonfree.2.4.13.dylib; sourceTree = SOURCE_ROOT; };
		63F648721F0F76F600E0364E /* libopencv_nonfree.2.4.dylib */ = {isa = PBXFileReference; lastKnownFileType = "compiled.mach-o.dylib"; name = libopencv_nonfree.2.4.dylib; path = NPD/opencvlib/libopencv_nonfree.2.4.dylib; sourceTree = SOURCE_ROOT; };
		63F648731F0F76F600E0364E /* libopencv_nonfree.dylib */ = {isa = PBXFileReference; lastKnownFileType = "compiled.mach-o.dylib"; name = libopencv_nonfree.dylib; path = NPD/opencvlib/libopencv_nonfree.dylib; sourceTree = SOURCE_ROOT; };
		63F648741F0F76F600E0364E /* libopencv_objdetect.2.4.13.dylib */ = {isa = PBXFileReference; lastKnownFileType = "compiled.mach-o.dylib"; name = libopencv_objdetect.2.4.13.dylib; path = NPD/opencvlib/libopencv_objdetect.2.4.13.dylib; sourceTree = SOURCE_ROOT; };
		63F648751F0F76F600E0364E /* libopencv_objdetect.2.4.dylib */ = {isa = PBXFileReference; lastKnownFileType = "compiled.mach-o.dylib"; name = libopencv_objdetect.2.4.dylib; path = NPD/opencvlib/libopencv_objdetect.2.4.dylib; sourceTree = SOURCE_ROOT; };
		63F648761F0F76F600E0364E /* libopencv_objdetect.dylib */ = {isa = PBXFileReference; lastKnownFileType = "compiled.mach-o.dylib"; name = libopencv_objdetect.dylib; path = NPD/opencvlib/libopencv_objdetect.dylib; sourceTree = SOURCE_ROOT; };
		63F648771F0F76F600E0364E /* libopencv_ocl.2.4.13.dylib */ = {isa = PBXFileReference; lastKnownFileType = "compiled.mach-o.dylib"; name = libopencv_ocl.2.4.13.dylib; path = NPD/opencvlib/libopencv_ocl.2.4.13.dylib; sourceTree = SOURCE_ROOT; };
		63F648781F0F76F600E0364E /* libopencv_ocl.2.4.dylib */ = {isa = PBXFileReference; lastKnownFileType = "compiled.mach-o.dylib"; name = libopencv_ocl.2.4.dylib; path = NPD/opencvlib/libopencv_ocl.2.4.dylib; sourceTree = SOURCE_ROOT; };
		63F648791F0F76F600E0364E /* libopencv_ocl.dylib */ = {isa = PBXFileReference; lastKnownFileType = "compiled.mach-o.dylib"; name = libopencv_ocl.dylib; path = NPD/opencvlib/libopencv_ocl.dylib; sourceTree = SOURCE_ROOT; };
		63F6487A1F0F76F600E0364E /* libopencv_photo.2.4.13.dylib */ = {isa = PBXFileReference; lastKnownFileType = "compiled.mach-o.dylib"; name = libopencv_photo.2.4.13.dylib; path = NPD/opencvlib/libopencv_photo.2.4.13.dylib; sourceTree = SOURCE_ROOT; };
		63F6487B1F0F76F600E0364E /* libopencv_photo.2.4.dylib */ = {isa = PBXFileReference; lastKnownFileType = "compiled.mach-o.dylib"; name = libopencv_photo.2.4.dylib; path = NPD/opencvlib/libopencv_photo.2.4.dylib; sourceTree = SOURCE_ROOT; };
		63F6487C1F0F76F600E0364E /* libopencv_photo.dylib */ = {isa = PBXFileReference; lastKnownFileType = "compiled.mach-o.dylib"; name = libopencv_photo.dylib; path = NPD/opencvlib/libopencv_photo.dylib; sourceTree = SOURCE_ROOT; };
		63F6487D1F0F76F600E0364E /* libopencv_stitching.2.4.13.dylib */ = {isa = PBXFileReference; lastKnownFileType = "compiled.mach-o.dylib"; name = libopencv_stitching.2.4.13.dylib; path = NPD/opencvlib/libopencv_stitching.2.4.13.dylib; sourceTree = SOURCE_ROOT; };
		63F6487E1F0F76F600E0364E /* libopencv_stitching.2.4.dylib */ = {isa = PBXFileReference; lastKnownFileType = "compiled.mach-o.dylib"; name = libopencv_stitching.2.4.dylib; path = NPD/opencvlib/libopencv_stitching.2.4.dylib; sourceTree = SOURCE_ROOT; };
		63F6487F1F0F76F600E0364E /* libopencv_stitching.dylib */ = {isa = PBXFileReference; lastKnownFileType = "compiled.mach-o.dylib"; name = libopencv_stitching.dylib; path = NPD/opencvlib/libopencv_stitching.dylib; sourceTree = SOURCE_ROOT; };
		63F648801F0F76F600E0364E /* libopencv_superres.2.4.13.dylib */ = {isa = PBXFileReference; lastKnownFileType = "compiled.mach-o.dylib"; name = libopencv_superres.2.4.13.dylib; path = NPD/opencvlib/libopencv_superres.2.4.13.dylib; sourceTree = SOURCE_ROOT; };
		63F648811F0F76F600E0364E /* libopencv_superres.2.4.dylib */ = {isa = PBXFileReference; lastKnownFileType = "compiled.mach-o.dylib"; name = libopencv_superres.2.4.dylib; path = NPD/opencvlib/libopencv_superres.2.4.dylib; sourceTree = SOURCE_ROOT; };
		63F648821F0F76F600E0364E /* libopencv_superres.dylib */ = {isa = PBXFileReference; lastKnownFileType = "compiled.mach-o.dylib"; name = libopencv_superres.dylib; path = NPD/opencvlib/libopencv_superres.dylib; sourceTree = SOURCE_ROOT; };
		63F648831F0F76F600E0364E /* libopencv_ts.a */ = {isa = PBXFileReference; lastKnownFileType = archive.ar; name = libopencv_ts.a; path = NPD/opencvlib/libopencv_ts.a; sourceTree = SOURCE_ROOT; };
		63F648841F0F76F600E0364E /* libopencv_video.2.4.13.dylib */ = {isa = PBXFileReference; lastKnownFileType = "compiled.mach-o.dylib"; name = libopencv_video.2.4.13.dylib; path = NPD/opencvlib/libopencv_video.2.4.13.dylib; sourceTree = SOURCE_ROOT; };
		63F648851F0F76F600E0364E /* libopencv_video.2.4.dylib */ = {isa = PBXFileReference; lastKnownFileType = "compiled.mach-o.dylib"; name = libopencv_video.2.4.dylib; path = NPD/opencvlib/libopencv_video.2.4.dylib; sourceTree = SOURCE_ROOT; };
		63F648861F0F76F600E0364E /* libopencv_video.dylib */ = {isa = PBXFileReference; lastKnownFileType = "compiled.mach-o.dylib"; name = libopencv_video.dylib; path = NPD/opencvlib/libopencv_video.dylib; sourceTree = SOURCE_ROOT; };
		63F648871F0F76F600E0364E /* libopencv_videostab.2.4.13.dylib */ = {isa = PBXFileReference; lastKnownFileType = "compiled.mach-o.dylib"; name = libopencv_videostab.2.4.13.dylib; path = NPD/opencvlib/libopencv_videostab.2.4.13.dylib; sourceTree = SOURCE_ROOT; };
		63F648881F0F76F600E0364E /* libopencv_videostab.2.4.dylib */ = {isa = PBXFileReference; lastKnownFileType = "compiled.mach-o.dylib"; name = libopencv_videostab.2.4.dylib; path = NPD/opencvlib/libopencv_videostab.2.4.dylib; sourceTree = SOURCE_ROOT; };
		63F648891F0F76F600E0364E /* libopencv_videostab.dylib */ = {isa = PBXFileReference; lastKnownFileType = "compiled.mach-o.dylib"; name = libopencv_videostab.dylib; path = NPD/opencvlib/libopencv_videostab.dylib; sourceTree = SOURCE_ROOT; };
/* End PBXFileReference section */

/* Begin PBXFrameworksBuildPhase section */
		63A8C7AF1F0391F800B30567 /* Frameworks */ = {
			isa = PBXFrameworksBuildPhase;
			buildActionMask = 2147483647;
			files = (
				63F648B81F0F76F600E0364E /* libopencv_stitching.dylib in Frameworks */,
				63F648C21F0F76F600E0364E /* libopencv_videostab.dylib in Frameworks */,
				63F648941F0F76F600E0364E /* libopencv_core.dylib in Frameworks */,
				63F6488F1F0F76F600E0364E /* libopencv_contrib.2.4.13.dylib in Frameworks */,
				63F648AF1F0F76F600E0364E /* libopencv_objdetect.dylib in Frameworks */,
				63F648AA1F0F76F600E0364E /* libopencv_nonfree.2.4.13.dylib in Frameworks */,
				63F648AC1F0F76F600E0364E /* libopencv_nonfree.dylib in Frameworks */,
				63F648A01F0F76F600E0364E /* libopencv_highgui.dylib in Frameworks */,
				63F648A71F0F76F600E0364E /* libopencv_ml.2.4.13.dylib in Frameworks */,
				63F648B31F0F76F600E0364E /* libopencv_photo.2.4.13.dylib in Frameworks */,
				63F648AB1F0F76F600E0364E /* libopencv_nonfree.2.4.dylib in Frameworks */,
				63F6489A1F0F76F600E0364E /* libopencv_flann.dylib in Frameworks */,
				63F6489C1F0F76F600E0364E /* libopencv_gpu.2.4.dylib in Frameworks */,
				63F6488C1F0F76F600E0364E /* libopencv_calib3d.2.4.13.dylib in Frameworks */,
				63F648AD1F0F76F600E0364E /* libopencv_objdetect.2.4.13.dylib in Frameworks */,
				63F648BB1F0F76F600E0364E /* libopencv_superres.dylib in Frameworks */,
				63F6488E1F0F76F600E0364E /* libopencv_calib3d.dylib in Frameworks */,
				63F648B91F0F76F600E0364E /* libopencv_superres.2.4.13.dylib in Frameworks */,
				63F648911F0F76F600E0364E /* libopencv_contrib.dylib in Frameworks */,
				63F648A81F0F76F600E0364E /* libopencv_ml.2.4.dylib in Frameworks */,
				63F648B61F0F76F600E0364E /* libopencv_stitching.2.4.13.dylib in Frameworks */,
				63F648981F0F76F600E0364E /* libopencv_flann.2.4.13.dylib in Frameworks */,
				63F6488A1F0F76F600E0364E /* libiomp5.dylib in Frameworks */,
				63F648B51F0F76F600E0364E /* libopencv_photo.dylib in Frameworks */,
				63F648921F0F76F600E0364E /* libopencv_core.2.4.13.dylib in Frameworks */,
				63F648AE1F0F76F600E0364E /* libopencv_objdetect.2.4.dylib in Frameworks */,
				63F648951F0F76F600E0364E /* libopencv_features2d.2.4.13.dylib in Frameworks */,
				63F648C01F0F76F600E0364E /* libopencv_videostab.2.4.13.dylib in Frameworks */,
				63F648BD1F0F76F600E0364E /* libopencv_video.2.4.13.dylib in Frameworks */,
				63F648A91F0F76F600E0364E /* libopencv_ml.dylib in Frameworks */,
				63F648A51F0F76F600E0364E /* libopencv_legacy.2.4.dylib in Frameworks */,
				63F648B21F0F76F600E0364E /* libopencv_ocl.dylib in Frameworks */,
				63F648901F0F76F600E0364E /* libopencv_contrib.2.4.dylib in Frameworks */,
				63F6488D1F0F76F600E0364E /* libopencv_calib3d.2.4.dylib in Frameworks */,
				63F648971F0F76F600E0364E /* libopencv_features2d.dylib in Frameworks */,
				63F648A41F0F76F600E0364E /* libopencv_legacy.2.4.13.dylib in Frameworks */,
				63F648C11F0F76F600E0364E /* libopencv_videostab.2.4.dylib in Frameworks */,
				63F648A61F0F76F600E0364E /* libopencv_legacy.dylib in Frameworks */,
				63F648BE1F0F76F600E0364E /* libopencv_video.2.4.dylib in Frameworks */,
				63F6489B1F0F76F600E0364E /* libopencv_gpu.2.4.13.dylib in Frameworks */,
				63F6489F1F0F76F600E0364E /* libopencv_highgui.2.4.dylib in Frameworks */,
				63F648B01F0F76F600E0364E /* libopencv_ocl.2.4.13.dylib in Frameworks */,
				63F648BA1F0F76F600E0364E /* libopencv_superres.2.4.dylib in Frameworks */,
				63F648931F0F76F600E0364E /* libopencv_core.2.4.dylib in Frameworks */,
				63F648BF1F0F76F600E0364E /* libopencv_video.dylib in Frameworks */,
				63F648991F0F76F600E0364E /* libopencv_flann.2.4.dylib in Frameworks */,
				63F648961F0F76F600E0364E /* libopencv_features2d.2.4.dylib in Frameworks */,
				63F6489E1F0F76F600E0364E /* libopencv_highgui.2.4.13.dylib in Frameworks */,
				63F648B11F0F76F600E0364E /* libopencv_ocl.2.4.dylib in Frameworks */,
				63F648A31F0F76F600E0364E /* libopencv_imgproc.dylib in Frameworks */,
				63F648A21F0F76F600E0364E /* libopencv_imgproc.2.4.dylib in Frameworks */,
				63F6489D1F0F76F600E0364E /* libopencv_gpu.dylib in Frameworks */,
				63F648B41F0F76F600E0364E /* libopencv_photo.2.4.dylib in Frameworks */,
				63F648BC1F0F76F600E0364E /* libopencv_ts.a in Frameworks */,
				63F648B71F0F76F600E0364E /* libopencv_stitching.2.4.dylib in Frameworks */,
				63F648A11F0F76F600E0364E /* libopencv_imgproc.2.4.13.dylib in Frameworks */,
				63F6488B1F0F76F600E0364E /* libomp.dylib in Frameworks */,
			);
			runOnlyForDeploymentPostprocessing = 0;
		};
/* End PBXFrameworksBuildPhase section */

/* Begin PBXGroup section */
		63A8C7A91F0391F800B30567 = {
			isa = PBXGroup;
			children = (
				63A8C7B41F0391F800B30567 /* NPD */,
				63A8C7B31F0391F800B30567 /* Products */,
			);
			sourceTree = "<group>";
		};
		63A8C7B31F0391F800B30567 /* Products */ = {
			isa = PBXGroup;
			children = (
				63A8C7B21F0391F800B30567 /* NPD_A */,
			);
			name = Products;
			sourceTree = "<group>";
		};
		63A8C7B41F0391F800B30567 /* NPD */ = {
			isa = PBXGroup;
			children = (
				63F648501F0F76E900E0364E /* LIB */,
				63F6483E1F0F76E300E0364E /* Adaboost.cpp */,
				63F6483F1F0F76E300E0364E /* Adaboost.h */,
				63F648401F0F76E300E0364E /* common.h */,
				63F648411F0F76E300E0364E /* Dataset.cpp */,
				63F648421F0F76E300E0364E /* Dataset.h */,
				63F648431F0F76E300E0364E /* DQT.cpp */,
				63F648441F0F76E300E0364E /* main.cpp */,
				63F648451F0F76E300E0364E /* Parameter.cpp */,
				63F648461F0F76E300E0364E /* Parameter.h */,
				63F648471F0F76E300E0364E /* pugiconfig.hpp */,
				63F648481F0F76E300E0364E /* pugixml.cpp */,
				63F648491F0F76E300E0364E /* pugixml.hpp */,
			);
			name = NPD;
			path = NPD_A;
			sourceTree = "<group>";
		};
		63F648501F0F76E900E0364E /* LIB */ = {
			isa = PBXGroup;
			children = (
				63F648511F0F76F600E0364E /* libiomp5.dylib */,
				63F648521F0F76F600E0364E /* libomp.dylib */,
				63F648531F0F76F600E0364E /* libopencv_calib3d.2.4.13.dylib */,
				63F648541F0F76F600E0364E /* libopencv_calib3d.2.4.dylib */,
				63F648551F0F76F600E0364E /* libopencv_calib3d.dylib */,
				63F648561F0F76F600E0364E /* libopencv_contrib.2.4.13.dylib */,
				63F648571F0F76F600E0364E /* libopencv_contrib.2.4.dylib */,
				63F648581F0F76F600E0364E /* libopencv_contrib.dylib */,
				63F648591F0F76F600E0364E /* libopencv_core.2.4.13.dylib */,
				63F6485A1F0F76F600E0364E /* libopencv_core.2.4.dylib */,
				63F6485B1F0F76F600E0364E /* libopencv_core.dylib */,
				63F6485C1F0F76F600E0364E /* libopencv_features2d.2.4.13.dylib */,
				63F6485D1F0F76F600E0364E /* libopencv_features2d.2.4.dylib */,
				63F6485E1F0F76F600E0364E /* libopencv_features2d.dylib */,
				63F6485F1F0F76F600E0364E /* libopencv_flann.2.4.13.dylib */,
				63F648601F0F76F600E0364E /* libopencv_flann.2.4.dylib */,
				63F648611F0F76F600E0364E /* libopencv_flann.dylib */,
				63F648621F0F76F600E0364E /* libopencv_gpu.2.4.13.dylib */,
				63F648631F0F76F600E0364E /* libopencv_gpu.2.4.dylib */,
				63F648641F0F76F600E0364E /* libopencv_gpu.dylib */,
				63F648651F0F76F600E0364E /* libopencv_highgui.2.4.13.dylib */,
				63F648661F0F76F600E0364E /* libopencv_highgui.2.4.dylib */,
				63F648671F0F76F600E0364E /* libopencv_highgui.dylib */,
				63F648681F0F76F600E0364E /* libopencv_imgproc.2.4.13.dylib */,
				63F648691F0F76F600E0364E /* libopencv_imgproc.2.4.dylib */,
				63F6486A1F0F76F600E0364E /* libopencv_imgproc.dylib */,
				63F6486B1F0F76F600E0364E /* libopencv_legacy.2.4.13.dylib */,
				63F6486C1F0F76F600E0364E /* libopencv_legacy.2.4.dylib */,
				63F6486D1F0F76F600E0364E /* libopencv_legacy.dylib */,
				63F6486E1F0F76F600E0364E /* libopencv_ml.2.4.13.dylib */,
				63F6486F1F0F76F600E0364E /* libopencv_ml.2.4.dylib */,
				63F648701F0F76F600E0364E /* libopencv_ml.dylib */,
				63F648711F0F76F600E0364E /* libopencv_nonfree.2.4.13.dylib */,
				63F648721F0F76F600E0364E /* libopencv_nonfree.2.4.dylib */,
				63F648731F0F76F600E0364E /* libopencv_nonfree.dylib */,
				63F648741F0F76F600E0364E /* libopencv_objdetect.2.4.13.dylib */,
				63F648751F0F76F600E0364E /* libopencv_objdetect.2.4.dylib */,
				63F648761F0F76F600E0364E /* libopencv_objdetect.dylib */,
				63F648771F0F76F600E0364E /* libopencv_ocl.2.4.13.dylib */,
				63F648781F0F76F600E0364E /* libopencv_ocl.2.4.dylib */,
				63F648791F0F76F600E0364E /* libopencv_ocl.dylib */,
				63F6487A1F0F76F600E0364E /* libopencv_photo.2.4.13.dylib */,
				63F6487B1F0F76F600E0364E /* libopencv_photo.2.4.dylib */,
				63F6487C1F0F76F600E0364E /* libopencv_photo.dylib */,
				63F6487D1F0F76F600E0364E /* libopencv_stitching.2.4.13.dylib */,
				63F6487E1F0F76F600E0364E /* libopencv_stitching.2.4.dylib */,
				63F6487F1F0F76F600E0364E /* libopencv_stitching.dylib */,
				63F648801F0F76F600E0364E /* libopencv_superres.2.4.13.dylib */,
				63F648811F0F76F600E0364E /* libopencv_superres.2.4.dylib */,
				63F648821F0F76F600E0364E /* libopencv_superres.dylib */,
				63F648831F0F76F600E0364E /* libopencv_ts.a */,
				63F648841F0F76F600E0364E /* libopencv_video.2.4.13.dylib */,
				63F648851F0F76F600E0364E /* libopencv_video.2.4.dylib */,
				63F648861F0F76F600E0364E /* libopencv_video.dylib */,
				63F648871F0F76F600E0364E /* libopencv_videostab.2.4.13.dylib */,
				63F648881F0F76F600E0364E /* libopencv_videostab.2.4.dylib */,
				63F648891F0F76F600E0364E /* libopencv_videostab.dylib */,
			);
			name = LIB;
			sourceTree = "<group>";
		};
/* End PBXGroup section */

/* Begin PBXNativeTarget section */
		63A8C7B11F0391F800B30567 /* NPD_A */ = {
			isa = PBXNativeTarget;
			buildConfigurationList = 63A8C7B91F0391F800B30567 /* Build configuration list for PBXNativeTarget "NPD_A" */;
			buildPhases = (
				63A8C7AE1F0391F800B30567 /* Sources */,
				63A8C7AF1F0391F800B30567 /* Frameworks */,
				63A8C7B01F0391F800B30567 /* CopyFiles */,
			);
			buildRules = (
			);
			dependencies = (
			);
			name = NPD_A;
			productName = NPD_A;
			productReference = 63A8C7B21F0391F800B30567 /* NPD_A */;
			productType = "com.apple.product-type.tool";
		};
/* End PBXNativeTarget section */

/* Begin PBXProject section */
		63A8C7AA1F0391F800B30567 /* Project object */ = {
			isa = PBXProject;
			attributes = {
				LastUpgradeCheck = 0830;
				ORGANIZATIONNAME = "Shitao Chen";
				TargetAttributes = {
					63A8C7B11F0391F800B30567 = {
						CreatedOnToolsVersion = 8.3.3;
						ProvisioningStyle = Automatic;
					};
				};
			};
			buildConfigurationList = 63A8C7AD1F0391F800B30567 /* Build configuration list for PBXProject "NPD" */;
			compatibilityVersion = "Xcode 3.2";
			developmentRegion = English;
			hasScannedForEncodings = 0;
			knownRegions = (
				en,
			);
			mainGroup = 63A8C7A91F0391F800B30567;
			productRefGroup = 63A8C7B31F0391F800B30567 /* Products */;
			projectDirPath = "";
			projectRoot = "";
			targets = (
				63A8C7B11F0391F800B30567 /* NPD_A */,
			);
		};
/* End PBXProject section */

/* Begin PBXSourcesBuildPhase section */
		63A8C7AE1F0391F800B30567 /* Sources */ = {
			isa = PBXSourcesBuildPhase;
			buildActionMask = 2147483647;
			files = (
				63F6484F1F0F76E300E0364E /* pugixml.cpp in Sources */,
				63F6484C1F0F76E300E0364E /* DQT.cpp in Sources */,
				63F6484E1F0F76E300E0364E /* Parameter.cpp in Sources */,
				63F6484B1F0F76E300E0364E /* Dataset.cpp in Sources */,
				63F6484D1F0F76E300E0364E /* main.cpp in Sources */,
				63F6484A1F0F76E300E0364E /* Adaboost.cpp in Sources */,
			);
			runOnlyForDeploymentPostprocessing = 0;
		};
/* End PBXSourcesBuildPhase section */

/* Begin XCBuildConfiguration section */
		63A8C7B71F0391F800B30567 /* Debug */ = {
			isa = XCBuildConfiguration;
			buildSettings = {
				ALWAYS_SEARCH_USER_PATHS = NO;
				CLANG_ANALYZER_NONNULL = YES;
				CLANG_ANALYZER_NUMBER_OBJECT_CONVERSION = YES_AGGRESSIVE;
				CLANG_CXX_LANGUAGE_STANDARD = "gnu++0x";
				CLANG_CXX_LIBRARY = "libc++";
				CLANG_ENABLE_MODULES = YES;
				CLANG_ENABLE_OBJC_ARC = YES;
				CLANG_WARN_BOOL_CONVERSION = YES;
				CLANG_WARN_CONSTANT_CONVERSION = YES;
				CLANG_WARN_DIRECT_OBJC_ISA_USAGE = YES_ERROR;
				CLANG_WARN_DOCUMENTATION_COMMENTS = YES;
				CLANG_WARN_EMPTY_BODY = YES;
				CLANG_WARN_ENUM_CONVERSION = YES;
				CLANG_WARN_INFINITE_RECURSION = YES;
				CLANG_WARN_INT_CONVERSION = YES;
				CLANG_WARN_OBJC_ROOT_CLASS = YES_ERROR;
				CLANG_WARN_SUSPICIOUS_MOVE = YES;
				CLANG_WARN_UNREACHABLE_CODE = YES;
				CLANG_WARN__DUPLICATE_METHOD_MATCH = YES;
				CODE_SIGN_IDENTITY = "-";
				COPY_PHASE_STRIP = NO;
				DEBUG_INFORMATION_FORMAT = dwarf;
				ENABLE_STRICT_OBJC_MSGSEND = YES;
				ENABLE_TESTABILITY = YES;
				GCC_C_LANGUAGE_STANDARD = gnu99;
				GCC_DYNAMIC_NO_PIC = NO;
				GCC_NO_COMMON_BLOCKS = YES;
				GCC_OPTIMIZATION_LEVEL = 0;
				GCC_PREPROCESSOR_DEFINITIONS = (
					"DEBUG=1",
					"$(inherited)",
				);
				GCC_WARN_64_TO_32_BIT_CONVERSION = YES;
				GCC_WARN_ABOUT_RETURN_TYPE = YES_ERROR;
				GCC_WARN_UNDECLARED_SELECTOR = YES;
				GCC_WARN_UNINITIALIZED_AUTOS = YES_AGGRESSIVE;
				GCC_WARN_UNUSED_FUNCTION = YES;
				GCC_WARN_UNUSED_VARIABLE = YES;
				MACOSX_DEPLOYMENT_TARGET = 10.12;
				MTL_ENABLE_DEBUG_INFO = YES;
				ONLY_ACTIVE_ARCH = YES;
				SDKROOT = macosx;
			};
			name = Debug;
		};
		63A8C7B81F0391F800B30567 /* Release */ = {
			isa = XCBuildConfiguration;
			buildSettings = {
				ALWAYS_SEARCH_USER_PATHS = NO;
				CLANG_ANALYZER_NONNULL = YES;
				CLANG_ANALYZER_NUMBER_OBJECT_CONVERSION = YES_AGGRESSIVE;
				CLANG_CXX_LANGUAGE_STANDARD = "gnu++0x";
				CLANG_CXX_LIBRARY = "libc++";
				CLANG_ENABLE_MODULES = YES;
				CLANG_ENABLE_OBJC_ARC = YES;
				CLANG_WARN_BOOL_CONVERSION = YES;
				CLANG_WARN_CONSTANT_CONVERSION = YES;
				CLANG_WARN_DIRECT_OBJC_ISA_USAGE = YES_ERROR;
				CLANG_WARN_DOCUMENTATION_COMMENTS = YES;
				CLANG_WARN_EMPTY_BODY = YES;
				CLANG_WARN_ENUM_CONVERSION = YES;
				CLANG_WARN_INFINITE_RECURSION = YES;
				CLANG_WARN_INT_CONVERSION = YES;
				CLANG_WARN_OBJC_ROOT_CLASS = YES_ERROR;
				CLANG_WARN_SUSPICIOUS_MOVE = YES;
				CLANG_WARN_UNREACHABLE_CODE = YES;
				CLANG_WARN__DUPLICATE_METHOD_MATCH = YES;
				CODE_SIGN_IDENTITY = "-";
				COPY_PHASE_STRIP = NO;
				DEBUG_INFORMATION_FORMAT = "dwarf-with-dsym";
				ENABLE_NS_ASSERTIONS = NO;
				ENABLE_STRICT_OBJC_MSGSEND = YES;
				GCC_C_LANGUAGE_STANDARD = gnu99;
				GCC_NO_COMMON_BLOCKS = YES;
				GCC_WARN_64_TO_32_BIT_CONVERSION = YES;
				GCC_WARN_ABOUT_RETURN_TYPE = YES_ERROR;
				GCC_WARN_UNDECLARED_SELECTOR = YES;
				GCC_WARN_UNINITIALIZED_AUTOS = YES_AGGRESSIVE;
				GCC_WARN_UNUSED_FUNCTION = YES;
				GCC_WARN_UNUSED_VARIABLE = YES;
				MACOSX_DEPLOYMENT_TARGET = 10.12;
				MTL_ENABLE_DEBUG_INFO = NO;
				SDKROOT = macosx;
			};
			name = Release;
		};
		63A8C7BA1F0391F800B30567 /* Debug */ = {
			isa = XCBuildConfiguration;
			buildSettings = {
				CC = "/usr/local/bin/clang-omp";
				CLANG_ENABLE_MODULES = NO;
				HEADER_SEARCH_PATHS = (
					/usr/local/include/opencv,
					/usr/local/include,
					/usr/local/Cellar/libiomp/20150701/include/libiomp,
				);
				LIBRARY_SEARCH_PATHS = (
					"$(inherited)",
					"$(PROJECT_DIR)/NPD_A/opencvlib",
					"$(PROJECT_DIR)/NPD/opencvlib",
				);
				OTHER_CFLAGS = "-fopenmp";
				PRODUCT_NAME = "$(TARGET_NAME)";
			};
			name = Debug;
		};
		63A8C7BB1F0391F800B30567 /* Release */ = {
			isa = XCBuildConfiguration;
			buildSettings = {
				CC = "/usr/local/bin/clang-omp";
				CLANG_ENABLE_MODULES = NO;
				HEADER_SEARCH_PATHS = (
					/usr/local/include/opencv,
					/usr/local/include,
					/usr/local/Cellar/libiomp/20150701/include/libiomp,
				);
				LIBRARY_SEARCH_PATHS = (
					"$(inherited)",
					"$(PROJECT_DIR)/NPD_A/opencvlib",
					"$(PROJECT_DIR)/NPD/opencvlib",
				);
				OTHER_CFLAGS = "-fopenmp";
				PRODUCT_NAME = "$(TARGET_NAME)";
			};
			name = Release;
		};
/* End XCBuildConfiguration section */

/* Begin XCConfigurationList section */
		63A8C7AD1F0391F800B30567 /* Build configuration list for PBXProject "NPD" */ = {
			isa = XCConfigurationList;
			buildConfigurations = (
				63A8C7B71F0391F800B30567 /* Debug */,
				63A8C7B81F0391F800B30567 /* Release */,
			);
			defaultConfigurationIsVisible = 0;
			defaultConfigurationName = Release;
		};
		63A8C7B91F0391F800B30567 /* Build configuration list for PBXNativeTarget "NPD_A" */ = {
			isa = XCConfigurationList;
			buildConfigurations = (
				63A8C7BA1F0391F800B30567 /* Debug */,
				63A8C7BB1F0391F800B30567 /* Release */,
			);
			defaultConfigurationIsVisible = 0;
			defaultConfigurationName = Release;
		};
/* End XCConfigurationList section */
	};
	rootObject = 63A8C7AA1F0391F800B30567 /* Project object */;
}
