// !$*UTF8*$!
{
	archiveVersion = 1;
	classes = {
	};
	objectVersion = 46;
	objects = {

/* Begin PBXBuildFile section */
		634F28091F05222B00F9E303 /* Adaboost.cpp in Sources */ = {isa = PBXBuildFile; fileRef = 634F28071F05222B00F9E303 /* Adaboost.cpp */; };
		63A8C7B61F0391F800B30567 /* main.cpp in Sources */ = {isa = PBXBuildFile; fileRef = 63A8C7B51F0391F800B30567 /* main.cpp */; };
		63A8C7BE1F03921800B30567 /* DQT.cpp in Sources */ = {isa = PBXBuildFile; fileRef = 63A8C7BC1F03921800B30567 /* DQT.cpp */; };
		63A8C7C31F0493A900B30567 /* Dataset.cpp in Sources */ = {isa = PBXBuildFile; fileRef = 63A8C7BF1F0493A900B30567 /* Dataset.cpp */; };
		63A8C7C41F0493A900B30567 /* Parameter.cpp in Sources */ = {isa = PBXBuildFile; fileRef = 63A8C7C11F0493A900B30567 /* Parameter.cpp */; };
		63B1ED331F08FF99009F27AC /* libiomp5.dylib in Frameworks */ = {isa = PBXBuildFile; fileRef = 63B1ECFB1F08FF99009F27AC /* libiomp5.dylib */; };
		63B1ED341F08FF99009F27AC /* libopencv_calib3d.2.4.13.dylib in Frameworks */ = {isa = PBXBuildFile; fileRef = 63B1ECFC1F08FF99009F27AC /* libopencv_calib3d.2.4.13.dylib */; };
		63B1ED351F08FF99009F27AC /* libopencv_calib3d.2.4.dylib in Frameworks */ = {isa = PBXBuildFile; fileRef = 63B1ECFD1F08FF99009F27AC /* libopencv_calib3d.2.4.dylib */; };
		63B1ED361F08FF99009F27AC /* libopencv_calib3d.dylib in Frameworks */ = {isa = PBXBuildFile; fileRef = 63B1ECFE1F08FF99009F27AC /* libopencv_calib3d.dylib */; };
		63B1ED371F08FF99009F27AC /* libopencv_contrib.2.4.13.dylib in Frameworks */ = {isa = PBXBuildFile; fileRef = 63B1ECFF1F08FF99009F27AC /* libopencv_contrib.2.4.13.dylib */; };
		63B1ED381F08FF99009F27AC /* libopencv_contrib.2.4.dylib in Frameworks */ = {isa = PBXBuildFile; fileRef = 63B1ED001F08FF99009F27AC /* libopencv_contrib.2.4.dylib */; };
		63B1ED391F08FF99009F27AC /* libopencv_contrib.dylib in Frameworks */ = {isa = PBXBuildFile; fileRef = 63B1ED011F08FF99009F27AC /* libopencv_contrib.dylib */; };
		63B1ED3A1F08FF99009F27AC /* libopencv_core.2.4.13.dylib in Frameworks */ = {isa = PBXBuildFile; fileRef = 63B1ED021F08FF99009F27AC /* libopencv_core.2.4.13.dylib */; };
		63B1ED3B1F08FF99009F27AC /* libopencv_core.2.4.dylib in Frameworks */ = {isa = PBXBuildFile; fileRef = 63B1ED031F08FF99009F27AC /* libopencv_core.2.4.dylib */; };
		63B1ED3C1F08FF99009F27AC /* libopencv_core.dylib in Frameworks */ = {isa = PBXBuildFile; fileRef = 63B1ED041F08FF99009F27AC /* libopencv_core.dylib */; };
		63B1ED3D1F08FF99009F27AC /* libopencv_features2d.2.4.13.dylib in Frameworks */ = {isa = PBXBuildFile; fileRef = 63B1ED051F08FF99009F27AC /* libopencv_features2d.2.4.13.dylib */; };
		63B1ED3E1F08FF99009F27AC /* libopencv_features2d.2.4.dylib in Frameworks */ = {isa = PBXBuildFile; fileRef = 63B1ED061F08FF99009F27AC /* libopencv_features2d.2.4.dylib */; };
		63B1ED3F1F08FF99009F27AC /* libopencv_features2d.dylib in Frameworks */ = {isa = PBXBuildFile; fileRef = 63B1ED071F08FF99009F27AC /* libopencv_features2d.dylib */; };
		63B1ED401F08FF99009F27AC /* libopencv_flann.2.4.13.dylib in Frameworks */ = {isa = PBXBuildFile; fileRef = 63B1ED081F08FF99009F27AC /* libopencv_flann.2.4.13.dylib */; };
		63B1ED411F08FF99009F27AC /* libopencv_flann.2.4.dylib in Frameworks */ = {isa = PBXBuildFile; fileRef = 63B1ED091F08FF99009F27AC /* libopencv_flann.2.4.dylib */; };
		63B1ED421F08FF99009F27AC /* libopencv_flann.dylib in Frameworks */ = {isa = PBXBuildFile; fileRef = 63B1ED0A1F08FF99009F27AC /* libopencv_flann.dylib */; };
		63B1ED431F08FF99009F27AC /* libopencv_gpu.2.4.13.dylib in Frameworks */ = {isa = PBXBuildFile; fileRef = 63B1ED0B1F08FF99009F27AC /* libopencv_gpu.2.4.13.dylib */; };
		63B1ED441F08FF99009F27AC /* libopencv_gpu.2.4.dylib in Frameworks */ = {isa = PBXBuildFile; fileRef = 63B1ED0C1F08FF99009F27AC /* libopencv_gpu.2.4.dylib */; };
		63B1ED451F08FF99009F27AC /* libopencv_gpu.dylib in Frameworks */ = {isa = PBXBuildFile; fileRef = 63B1ED0D1F08FF99009F27AC /* libopencv_gpu.dylib */; };
		63B1ED461F08FF99009F27AC /* libopencv_highgui.2.4.13.dylib in Frameworks */ = {isa = PBXBuildFile; fileRef = 63B1ED0E1F08FF99009F27AC /* libopencv_highgui.2.4.13.dylib */; };
		63B1ED471F08FF99009F27AC /* libopencv_highgui.2.4.dylib in Frameworks */ = {isa = PBXBuildFile; fileRef = 63B1ED0F1F08FF99009F27AC /* libopencv_highgui.2.4.dylib */; };
		63B1ED481F08FF99009F27AC /* libopencv_highgui.dylib in Frameworks */ = {isa = PBXBuildFile; fileRef = 63B1ED101F08FF99009F27AC /* libopencv_highgui.dylib */; };
		63B1ED491F08FF99009F27AC /* libopencv_imgproc.2.4.13.dylib in Frameworks */ = {isa = PBXBuildFile; fileRef = 63B1ED111F08FF99009F27AC /* libopencv_imgproc.2.4.13.dylib */; };
		63B1ED4A1F08FF99009F27AC /* libopencv_imgproc.2.4.dylib in Frameworks */ = {isa = PBXBuildFile; fileRef = 63B1ED121F08FF99009F27AC /* libopencv_imgproc.2.4.dylib */; };
		63B1ED4B1F08FF99009F27AC /* libopencv_imgproc.dylib in Frameworks */ = {isa = PBXBuildFile; fileRef = 63B1ED131F08FF99009F27AC /* libopencv_imgproc.dylib */; };
		63B1ED4C1F08FF99009F27AC /* libopencv_legacy.2.4.13.dylib in Frameworks */ = {isa = PBXBuildFile; fileRef = 63B1ED141F08FF99009F27AC /* libopencv_legacy.2.4.13.dylib */; };
		63B1ED4D1F08FF99009F27AC /* libopencv_legacy.2.4.dylib in Frameworks */ = {isa = PBXBuildFile; fileRef = 63B1ED151F08FF99009F27AC /* libopencv_legacy.2.4.dylib */; };
		63B1ED4E1F08FF99009F27AC /* libopencv_legacy.dylib in Frameworks */ = {isa = PBXBuildFile; fileRef = 63B1ED161F08FF99009F27AC /* libopencv_legacy.dylib */; };
		63B1ED4F1F08FF99009F27AC /* libopencv_ml.2.4.13.dylib in Frameworks */ = {isa = PBXBuildFile; fileRef = 63B1ED171F08FF99009F27AC /* libopencv_ml.2.4.13.dylib */; };
		63B1ED501F08FF99009F27AC /* libopencv_ml.2.4.dylib in Frameworks */ = {isa = PBXBuildFile; fileRef = 63B1ED181F08FF99009F27AC /* libopencv_ml.2.4.dylib */; };
		63B1ED511F08FF99009F27AC /* libopencv_ml.dylib in Frameworks */ = {isa = PBXBuildFile; fileRef = 63B1ED191F08FF99009F27AC /* libopencv_ml.dylib */; };
		63B1ED521F08FF99009F27AC /* libopencv_nonfree.2.4.13.dylib in Frameworks */ = {isa = PBXBuildFile; fileRef = 63B1ED1A1F08FF99009F27AC /* libopencv_nonfree.2.4.13.dylib */; };
		63B1ED531F08FF99009F27AC /* libopencv_nonfree.2.4.dylib in Frameworks */ = {isa = PBXBuildFile; fileRef = 63B1ED1B1F08FF99009F27AC /* libopencv_nonfree.2.4.dylib */; };
		63B1ED541F08FF99009F27AC /* libopencv_nonfree.dylib in Frameworks */ = {isa = PBXBuildFile; fileRef = 63B1ED1C1F08FF99009F27AC /* libopencv_nonfree.dylib */; };
		63B1ED551F08FF99009F27AC /* libopencv_objdetect.2.4.13.dylib in Frameworks */ = {isa = PBXBuildFile; fileRef = 63B1ED1D1F08FF99009F27AC /* libopencv_objdetect.2.4.13.dylib */; };
		63B1ED561F08FF99009F27AC /* libopencv_objdetect.2.4.dylib in Frameworks */ = {isa = PBXBuildFile; fileRef = 63B1ED1E1F08FF99009F27AC /* libopencv_objdetect.2.4.dylib */; };
		63B1ED571F08FF99009F27AC /* libopencv_objdetect.dylib in Frameworks */ = {isa = PBXBuildFile; fileRef = 63B1ED1F1F08FF99009F27AC /* libopencv_objdetect.dylib */; };
		63B1ED581F08FF99009F27AC /* libopencv_ocl.2.4.13.dylib in Frameworks */ = {isa = PBXBuildFile; fileRef = 63B1ED201F08FF99009F27AC /* libopencv_ocl.2.4.13.dylib */; };
		63B1ED591F08FF99009F27AC /* libopencv_ocl.2.4.dylib in Frameworks */ = {isa = PBXBuildFile; fileRef = 63B1ED211F08FF99009F27AC /* libopencv_ocl.2.4.dylib */; };
		63B1ED5A1F08FF99009F27AC /* libopencv_ocl.dylib in Frameworks */ = {isa = PBXBuildFile; fileRef = 63B1ED221F08FF99009F27AC /* libopencv_ocl.dylib */; };
		63B1ED5B1F08FF99009F27AC /* libopencv_photo.2.4.13.dylib in Frameworks */ = {isa = PBXBuildFile; fileRef = 63B1ED231F08FF99009F27AC /* libopencv_photo.2.4.13.dylib */; };
		63B1ED5C1F08FF99009F27AC /* libopencv_photo.2.4.dylib in Frameworks */ = {isa = PBXBuildFile; fileRef = 63B1ED241F08FF99009F27AC /* libopencv_photo.2.4.dylib */; };
		63B1ED5D1F08FF99009F27AC /* libopencv_photo.dylib in Frameworks */ = {isa = PBXBuildFile; fileRef = 63B1ED251F08FF99009F27AC /* libopencv_photo.dylib */; };
		63B1ED5E1F08FF99009F27AC /* libopencv_stitching.2.4.13.dylib in Frameworks */ = {isa = PBXBuildFile; fileRef = 63B1ED261F08FF99009F27AC /* libopencv_stitching.2.4.13.dylib */; };
		63B1ED5F1F08FF99009F27AC /* libopencv_stitching.2.4.dylib in Frameworks */ = {isa = PBXBuildFile; fileRef = 63B1ED271F08FF99009F27AC /* libopencv_stitching.2.4.dylib */; };
		63B1ED601F08FF99009F27AC /* libopencv_stitching.dylib in Frameworks */ = {isa = PBXBuildFile; fileRef = 63B1ED281F08FF99009F27AC /* libopencv_stitching.dylib */; };
		63B1ED611F08FF99009F27AC /* libopencv_superres.2.4.13.dylib in Frameworks */ = {isa = PBXBuildFile; fileRef = 63B1ED291F08FF99009F27AC /* libopencv_superres.2.4.13.dylib */; };
		63B1ED621F08FF99009F27AC /* libopencv_superres.2.4.dylib in Frameworks */ = {isa = PBXBuildFile; fileRef = 63B1ED2A1F08FF99009F27AC /* libopencv_superres.2.4.dylib */; };
		63B1ED631F08FF99009F27AC /* libopencv_superres.dylib in Frameworks */ = {isa = PBXBuildFile; fileRef = 63B1ED2B1F08FF99009F27AC /* libopencv_superres.dylib */; };
		63B1ED641F08FF99009F27AC /* libopencv_ts.a in Frameworks */ = {isa = PBXBuildFile; fileRef = 63B1ED2C1F08FF99009F27AC /* libopencv_ts.a */; };
		63B1ED651F08FF99009F27AC /* libopencv_video.2.4.13.dylib in Frameworks */ = {isa = PBXBuildFile; fileRef = 63B1ED2D1F08FF99009F27AC /* libopencv_video.2.4.13.dylib */; };
		63B1ED661F08FF99009F27AC /* libopencv_video.2.4.dylib in Frameworks */ = {isa = PBXBuildFile; fileRef = 63B1ED2E1F08FF99009F27AC /* libopencv_video.2.4.dylib */; };
		63B1ED671F08FF99009F27AC /* libopencv_video.dylib in Frameworks */ = {isa = PBXBuildFile; fileRef = 63B1ED2F1F08FF99009F27AC /* libopencv_video.dylib */; };
		63B1ED681F08FF99009F27AC /* libopencv_videostab.2.4.13.dylib in Frameworks */ = {isa = PBXBuildFile; fileRef = 63B1ED301F08FF99009F27AC /* libopencv_videostab.2.4.13.dylib */; };
		63B1ED691F08FF99009F27AC /* libopencv_videostab.2.4.dylib in Frameworks */ = {isa = PBXBuildFile; fileRef = 63B1ED311F08FF99009F27AC /* libopencv_videostab.2.4.dylib */; };
		63B1ED6A1F08FF99009F27AC /* libopencv_videostab.dylib in Frameworks */ = {isa = PBXBuildFile; fileRef = 63B1ED321F08FF99009F27AC /* libopencv_videostab.dylib */; };
/* End PBXBuildFile section */

/* Begin PBXCopyFilesBuildPhase section */
		63A8C7B01F0391F800B30567 /* CopyFiles */ = {
			isa = PBXCopyFilesBuildPhase;
			buildActionMask = 2147483647;
			dstPath = /usr/share/man/man1/;
			dstSubfolderSpec = 0;
			files = (
			);
			runOnlyForDeploymentPostprocessing = 1;
		};
/* End PBXCopyFilesBuildPhase section */

/* Begin PBXFileReference section */
		634F28071F05222B00F9E303 /* Adaboost.cpp */ = {isa = PBXFileReference; fileEncoding = 4; lastKnownFileType = sourcecode.cpp.cpp; path = Adaboost.cpp; sourceTree = "<group>"; };
		634F28081F05222B00F9E303 /* Adaboost.h */ = {isa = PBXFileReference; fileEncoding = 4; lastKnownFileType = sourcecode.c.h; path = Adaboost.h; sourceTree = "<group>"; };
		63A8C7B21F0391F800B30567 /* NPD_A */ = {isa = PBXFileReference; explicitFileType = "compiled.mach-o.executable"; includeInIndex = 0; path = NPD_A; sourceTree = BUILT_PRODUCTS_DIR; };
		63A8C7B51F0391F800B30567 /* main.cpp */ = {isa = PBXFileReference; lastKnownFileType = sourcecode.cpp.cpp; path = main.cpp; sourceTree = "<group>"; };
		63A8C7BC1F03921800B30567 /* DQT.cpp */ = {isa = PBXFileReference; fileEncoding = 4; lastKnownFileType = sourcecode.cpp.cpp; path = DQT.cpp; sourceTree = "<group>"; };
		63A8C7BF1F0493A900B30567 /* Dataset.cpp */ = {isa = PBXFileReference; fileEncoding = 4; lastKnownFileType = sourcecode.cpp.cpp; path = Dataset.cpp; sourceTree = "<group>"; };
		63A8C7C01F0493A900B30567 /* Dataset.h */ = {isa = PBXFileReference; fileEncoding = 4; lastKnownFileType = sourcecode.c.h; path = Dataset.h; sourceTree = "<group>"; };
		63A8C7C11F0493A900B30567 /* Parameter.cpp */ = {isa = PBXFileReference; fileEncoding = 4; lastKnownFileType = sourcecode.cpp.cpp; path = Parameter.cpp; sourceTree = "<group>"; };
		63A8C7C21F0493A900B30567 /* Parameter.h */ = {isa = PBXFileReference; fileEncoding = 4; lastKnownFileType = sourcecode.c.h; path = Parameter.h; sourceTree = "<group>"; };
		63A8C7C51F0493CA00B30567 /* common.h */ = {isa = PBXFileReference; lastKnownFileType = sourcecode.c.h; path = common.h; sourceTree = "<group>"; };
		63B1ECFB1F08FF99009F27AC /* libiomp5.dylib */ = {isa = PBXFileReference; lastKnownFileType = "compiled.mach-o.dylib"; name = libiomp5.dylib; path = opencvlib/libiomp5.dylib; sourceTree = "<group>"; };
		63B1ECFC1F08FF99009F27AC /* libopencv_calib3d.2.4.13.dylib */ = {isa = PBXFileReference; lastKnownFileType = "compiled.mach-o.dylib"; name = libopencv_calib3d.2.4.13.dylib; path = opencvlib/libopencv_calib3d.2.4.13.dylib; sourceTree = "<group>"; };
		63B1ECFD1F08FF99009F27AC /* libopencv_calib3d.2.4.dylib */ = {isa = PBXFileReference; lastKnownFileType = "compiled.mach-o.dylib"; name = libopencv_calib3d.2.4.dylib; path = opencvlib/libopencv_calib3d.2.4.dylib; sourceTree = "<group>"; };
		63B1ECFE1F08FF99009F27AC /* libopencv_calib3d.dylib */ = {isa = PBXFileReference; lastKnownFileType = "compiled.mach-o.dylib"; name = libopencv_calib3d.dylib; path = opencvlib/libopencv_calib3d.dylib; sourceTree = "<group>"; };
		63B1ECFF1F08FF99009F27AC /* libopencv_contrib.2.4.13.dylib */ = {isa = PBXFileReference; lastKnownFileType = "compiled.mach-o.dylib"; name = libopencv_contrib.2.4.13.dylib; path = opencvlib/libopencv_contrib.2.4.13.dylib; sourceTree = "<group>"; };
		63B1ED001F08FF99009F27AC /* libopencv_contrib.2.4.dylib */ = {isa = PBXFileReference; lastKnownFileType = "compiled.mach-o.dylib"; name = libopencv_contrib.2.4.dylib; path = opencvlib/libopencv_contrib.2.4.dylib; sourceTree = "<group>"; };
		63B1ED011F08FF99009F27AC /* libopencv_contrib.dylib */ = {isa = PBXFileReference; lastKnownFileType = "compiled.mach-o.dylib"; name = libopencv_contrib.dylib; path = opencvlib/libopencv_contrib.dylib; sourceTree = "<group>"; };
		63B1ED021F08FF99009F27AC /* libopencv_core.2.4.13.dylib */ = {isa = PBXFileReference; lastKnownFileType = "compiled.mach-o.dylib"; name = libopencv_core.2.4.13.dylib; path = opencvlib/libopencv_core.2.4.13.dylib; sourceTree = "<group>"; };
		63B1ED031F08FF99009F27AC /* libopencv_core.2.4.dylib */ = {isa = PBXFileReference; lastKnownFileType = "compiled.mach-o.dylib"; name = libopencv_core.2.4.dylib; path = opencvlib/libopencv_core.2.4.dylib; sourceTree = "<group>"; };
		63B1ED041F08FF99009F27AC /* libopencv_core.dylib */ = {isa = PBXFileReference; lastKnownFileType = "compiled.mach-o.dylib"; name = libopencv_core.dylib; path = opencvlib/libopencv_core.dylib; sourceTree = "<group>"; };
		63B1ED051F08FF99009F27AC /* libopencv_features2d.2.4.13.dylib */ = {isa = PBXFileReference; lastKnownFileType = "compiled.mach-o.dylib"; name = libopencv_features2d.2.4.13.dylib; path = opencvlib/libopencv_features2d.2.4.13.dylib; sourceTree = "<group>"; };
		63B1ED061F08FF99009F27AC /* libopencv_features2d.2.4.dylib */ = {isa = PBXFileReference; lastKnownFileType = "compiled.mach-o.dylib"; name = libopencv_features2d.2.4.dylib; path = opencvlib/libopencv_features2d.2.4.dylib; sourceTree = "<group>"; };
		63B1ED071F08FF99009F27AC /* libopencv_features2d.dylib */ = {isa = PBXFileReference; lastKnownFileType = "compiled.mach-o.dylib"; name = libopencv_features2d.dylib; path = opencvlib/libopencv_features2d.dylib; sourceTree = "<group>"; };
		63B1ED081F08FF99009F27AC /* libopencv_flann.2.4.13.dylib */ = {isa = PBXFileReference; lastKnownFileType = "compiled.mach-o.dylib"; name = libopencv_flann.2.4.13.dylib; path = opencvlib/libopencv_flann.2.4.13.dylib; sourceTree = "<group>"; };
		63B1ED091F08FF99009F27AC /* libopencv_flann.2.4.dylib */ = {isa = PBXFileReference; lastKnownFileType = "compiled.mach-o.dylib"; name = libopencv_flann.2.4.dylib; path = opencvlib/libopencv_flann.2.4.dylib; sourceTree = "<group>"; };
		63B1ED0A1F08FF99009F27AC /* libopencv_flann.dylib */ = {isa = PBXFileReference; lastKnownFileType = "compiled.mach-o.dylib"; name = libopencv_flann.dylib; path = opencvlib/libopencv_flann.dylib; sourceTree = "<group>"; };
		63B1ED0B1F08FF99009F27AC /* libopencv_gpu.2.4.13.dylib */ = {isa = PBXFileReference; lastKnownFileType = "compiled.mach-o.dylib"; name = libopencv_gpu.2.4.13.dylib; path = opencvlib/libopencv_gpu.2.4.13.dylib; sourceTree = "<group>"; };
		63B1ED0C1F08FF99009F27AC /* libopencv_gpu.2.4.dylib */ = {isa = PBXFileReference; lastKnownFileType = "compiled.mach-o.dylib"; name = libopencv_gpu.2.4.dylib; path = opencvlib/libopencv_gpu.2.4.dylib; sourceTree = "<group>"; };
		63B1ED0D1F08FF99009F27AC /* libopencv_gpu.dylib */ = {isa = PBXFileReference; lastKnownFileType = "compiled.mach-o.dylib"; name = libopencv_gpu.dylib; path = opencvlib/libopencv_gpu.dylib; sourceTree = "<group>"; };
		63B1ED0E1F08FF99009F27AC /* libopencv_highgui.2.4.13.dylib */ = {isa = PBXFileReference; lastKnownFileType = "compiled.mach-o.dylib"; name = libopencv_highgui.2.4.13.dylib; path = opencvlib/libopencv_highgui.2.4.13.dylib; sourceTree = "<group>"; };
		63B1ED0F1F08FF99009F27AC /* libopencv_highgui.2.4.dylib */ = {isa = PBXFileReference; lastKnownFileType = "compiled.mach-o.dylib"; name = libopencv_highgui.2.4.dylib; path = opencvlib/libopencv_highgui.2.4.dylib; sourceTree = "<group>"; };
		63B1ED101F08FF99009F27AC /* libopencv_highgui.dylib */ = {isa = PBXFileReference; lastKnownFileType = "compiled.mach-o.dylib"; name = libopencv_highgui.dylib; path = opencvlib/libopencv_highgui.dylib; sourceTree = "<group>"; };
		63B1ED111F08FF99009F27AC /* libopencv_imgproc.2.4.13.dylib */ = {isa = PBXFileReference; lastKnownFileType = "compiled.mach-o.dylib"; name = libopencv_imgproc.2.4.13.dylib; path = opencvlib/libopencv_imgproc.2.4.13.dylib; sourceTree = "<group>"; };
		63B1ED121F08FF99009F27AC /* libopencv_imgproc.2.4.dylib */ = {isa = PBXFileReference; lastKnownFileType = "compiled.mach-o.dylib"; name = libopencv_imgproc.2.4.dylib; path = opencvlib/libopencv_imgproc.2.4.dylib; sourceTree = "<group>"; };
		63B1ED131F08FF99009F27AC /* libopencv_imgproc.dylib */ = {isa = PBXFileReference; lastKnownFileType = "compiled.mach-o.dylib"; name = libopencv_imgproc.dylib; path = opencvlib/libopencv_imgproc.dylib; sourceTree = "<group>"; };
		63B1ED141F08FF99009F27AC /* libopencv_legacy.2.4.13.dylib */ = {isa = PBXFileReference; lastKnownFileType = "compiled.mach-o.dylib"; name = libopencv_legacy.2.4.13.dylib; path = opencvlib/libopencv_legacy.2.4.13.dylib; sourceTree = "<group>"; };
		63B1ED151F08FF99009F27AC /* libopencv_legacy.2.4.dylib */ = {isa = PBXFileReference; lastKnownFileType = "compiled.mach-o.dylib"; name = libopencv_legacy.2.4.dylib; path = opencvlib/libopencv_legacy.2.4.dylib; sourceTree = "<group>"; };
		63B1ED161F08FF99009F27AC /* libopencv_legacy.dylib */ = {isa = PBXFileReference; lastKnownFileType = "compiled.mach-o.dylib"; name = libopencv_legacy.dylib; path = opencvlib/libopencv_legacy.dylib; sourceTree = "<group>"; };
		63B1ED171F08FF99009F27AC /* libopencv_ml.2.4.13.dylib */ = {isa = PBXFileReference; lastKnownFileType = "compiled.mach-o.dylib"; name = libopencv_ml.2.4.13.dylib; path = opencvlib/libopencv_ml.2.4.13.dylib; sourceTree = "<group>"; };
		63B1ED181F08FF99009F27AC /* libopencv_ml.2.4.dylib */ = {isa = PBXFileReference; lastKnownFileType = "compiled.mach-o.dylib"; name = libopencv_ml.2.4.dylib; path = opencvlib/libopencv_ml.2.4.dylib; sourceTree = "<group>"; };
		63B1ED191F08FF99009F27AC /* libopencv_ml.dylib */ = {isa = PBXFileReference; lastKnownFileType = "compiled.mach-o.dylib"; name = libopencv_ml.dylib; path = opencvlib/libopencv_ml.dylib; sourceTree = "<group>"; };
		63B1ED1A1F08FF99009F27AC /* libopencv_nonfree.2.4.13.dylib */ = {isa = PBXFileReference; lastKnownFileType = "compiled.mach-o.dylib"; name = libopencv_nonfree.2.4.13.dylib; path = opencvlib/libopencv_nonfree.2.4.13.dylib; sourceTree = "<group>"; };
		63B1ED1B1F08FF99009F27AC /* libopencv_nonfree.2.4.dylib */ = {isa = PBXFileReference; lastKnownFileType = "compiled.mach-o.dylib"; name = libopencv_nonfree.2.4.dylib; path = opencvlib/libopencv_nonfree.2.4.dylib; sourceTree = "<group>"; };
		63B1ED1C1F08FF99009F27AC /* libopencv_nonfree.dylib */ = {isa = PBXFileReference; lastKnownFileType = "compiled.mach-o.dylib"; name = libopencv_nonfree.dylib; path = opencvlib/libopencv_nonfree.dylib; sourceTree = "<group>"; };
		63B1ED1D1F08FF99009F27AC /* libopencv_objdetect.2.4.13.dylib */ = {isa = PBXFileReference; lastKnownFileType = "compiled.mach-o.dylib"; name = libopencv_objdetect.2.4.13.dylib; path = opencvlib/libopencv_objdetect.2.4.13.dylib; sourceTree = "<group>"; };
		63B1ED1E1F08FF99009F27AC /* libopencv_objdetect.2.4.dylib */ = {isa = PBXFileReference; lastKnownFileType = "compiled.mach-o.dylib"; name = libopencv_objdetect.2.4.dylib; path = opencvlib/libopencv_objdetect.2.4.dylib; sourceTree = "<group>"; };
		63B1ED1F1F08FF99009F27AC /* libopencv_objdetect.dylib */ = {isa = PBXFileReference; lastKnownFileType = "compiled.mach-o.dylib"; name = libopencv_objdetect.dylib; path = opencvlib/libopencv_objdetect.dylib; sourceTree = "<group>"; };
		63B1ED201F08FF99009F27AC /* libopencv_ocl.2.4.13.dylib */ = {isa = PBXFileReference; lastKnownFileType = "compiled.mach-o.dylib"; name = libopencv_ocl.2.4.13.dylib; path = opencvlib/libopencv_ocl.2.4.13.dylib; sourceTree = "<group>"; };
		63B1ED211F08FF99009F27AC /* libopencv_ocl.2.4.dylib */ = {isa = PBXFileReference; lastKnownFileType = "compiled.mach-o.dylib"; name = libopencv_ocl.2.4.dylib; path = opencvlib/libopencv_ocl.2.4.dylib; sourceTree = "<group>"; };
		63B1ED221F08FF99009F27AC /* libopencv_ocl.dylib */ = {isa = PBXFileReference; lastKnownFileType = "compiled.mach-o.dylib"; name = libopencv_ocl.dylib; path = opencvlib/libopencv_ocl.dylib; sourceTree = "<group>"; };
		63B1ED231F08FF99009F27AC /* libopencv_photo.2.4.13.dylib */ = {isa = PBXFileReference; lastKnownFileType = "compiled.mach-o.dylib"; name = libopencv_photo.2.4.13.dylib; path = opencvlib/libopencv_photo.2.4.13.dylib; sourceTree = "<group>"; };
		63B1ED241F08FF99009F27AC /* libopencv_photo.2.4.dylib */ = {isa = PBXFileReference; lastKnownFileType = "compiled.mach-o.dylib"; name = libopencv_photo.2.4.dylib; path = opencvlib/libopencv_photo.2.4.dylib; sourceTree = "<group>"; };
		63B1ED251F08FF99009F27AC /* libopencv_photo.dylib */ = {isa = PBXFileReference; lastKnownFileType = "compiled.mach-o.dylib"; name = libopencv_photo.dylib; path = opencvlib/libopencv_photo.dylib; sourceTree = "<group>"; };
		63B1ED261F08FF99009F27AC /* libopencv_stitching.2.4.13.dylib */ = {isa = PBXFileReference; lastKnownFileType = "compiled.mach-o.dylib"; name = libopencv_stitching.2.4.13.dylib; path = opencvlib/libopencv_stitching.2.4.13.dylib; sourceTree = "<group>"; };
		63B1ED271F08FF99009F27AC /* libopencv_stitching.2.4.dylib */ = {isa = PBXFileReference; lastKnownFileType = "compiled.mach-o.dylib"; name = libopencv_stitching.2.4.dylib; path = opencvlib/libopencv_stitching.2.4.dylib; sourceTree = "<group>"; };
		63B1ED281F08FF99009F27AC /* libopencv_stitching.dylib */ = {isa = PBXFileReference; lastKnownFileType = "compiled.mach-o.dylib"; name = libopencv_stitching.dylib; path = opencvlib/libopencv_stitching.dylib; sourceTree = "<group>"; };
		63B1ED291F08FF99009F27AC /* libopencv_superres.2.4.13.dylib */ = {isa = PBXFileReference; lastKnownFileType = "compiled.mach-o.dylib"; name = libopencv_superres.2.4.13.dylib; path = opencvlib/libopencv_superres.2.4.13.dylib; sourceTree = "<group>"; };
		63B1ED2A1F08FF99009F27AC /* libopencv_superres.2.4.dylib */ = {isa = PBXFileReference; lastKnownFileType = "compiled.mach-o.dylib"; name = libopencv_superres.2.4.dylib; path = opencvlib/libopencv_superres.2.4.dylib; sourceTree = "<group>"; };
		63B1ED2B1F08FF99009F27AC /* libopencv_superres.dylib */ = {isa = PBXFileReference; lastKnownFileType = "compiled.mach-o.dylib"; name = libopencv_superres.dylib; path = opencvlib/libopencv_superres.dylib; sourceTree = "<group>"; };
		63B1ED2C1F08FF99009F27AC /* libopencv_ts.a */ = {isa = PBXFileReference; lastKnownFileType = archive.ar; name = libopencv_ts.a; path = opencvlib/libopencv_ts.a; sourceTree = "<group>"; };
		63B1ED2D1F08FF99009F27AC /* libopencv_video.2.4.13.dylib */ = {isa = PBXFileReference; lastKnownFileType = "compiled.mach-o.dylib"; name = libopencv_video.2.4.13.dylib; path = opencvlib/libopencv_video.2.4.13.dylib; sourceTree = "<group>"; };
		63B1ED2E1F08FF99009F27AC /* libopencv_video.2.4.dylib */ = {isa = PBXFileReference; lastKnownFileType = "compiled.mach-o.dylib"; name = libopencv_video.2.4.dylib; path = opencvlib/libopencv_video.2.4.dylib; sourceTree = "<group>"; };
		63B1ED2F1F08FF99009F27AC /* libopencv_video.dylib */ = {isa = PBXFileReference; lastKnownFileType = "compiled.mach-o.dylib"; name = libopencv_video.dylib; path = opencvlib/libopencv_video.dylib; sourceTree = "<group>"; };
		63B1ED301F08FF99009F27AC /* libopencv_videostab.2.4.13.dylib */ = {isa = PBXFileReference; lastKnownFileType = "compiled.mach-o.dylib"; name = libopencv_videostab.2.4.13.dylib; path = opencvlib/libopencv_videostab.2.4.13.dylib; sourceTree = "<group>"; };
		63B1ED311F08FF99009F27AC /* libopencv_videostab.2.4.dylib */ = {isa = PBXFileReference; lastKnownFileType = "compiled.mach-o.dylib"; name = libopencv_videostab.2.4.dylib; path = opencvlib/libopencv_videostab.2.4.dylib; sourceTree = "<group>"; };
		63B1ED321F08FF99009F27AC /* libopencv_videostab.dylib */ = {isa = PBXFileReference; lastKnownFileType = "compiled.mach-o.dylib"; name = libopencv_videostab.dylib; path = opencvlib/libopencv_videostab.dylib; sourceTree = "<group>"; };
/* End PBXFileReference section */

/* Begin PBXFrameworksBuildPhase section */
		63A8C7AF1F0391F800B30567 /* Frameworks */ = {
			isa = PBXFrameworksBuildPhase;
			buildActionMask = 2147483647;
			files = (
				63B1ED5E1F08FF99009F27AC /* libopencv_stitching.2.4.13.dylib in Frameworks */,
				63B1ED661F08FF99009F27AC /* libopencv_video.2.4.dylib in Frameworks */,
				63B1ED601F08FF99009F27AC /* libopencv_stitching.dylib in Frameworks */,
				63B1ED501F08FF99009F27AC /* libopencv_ml.2.4.dylib in Frameworks */,
				63B1ED611F08FF99009F27AC /* libopencv_superres.2.4.13.dylib in Frameworks */,
				63B1ED361F08FF99009F27AC /* libopencv_calib3d.dylib in Frameworks */,
				63B1ED521F08FF99009F27AC /* libopencv_nonfree.2.4.13.dylib in Frameworks */,
				63B1ED351F08FF99009F27AC /* libopencv_calib3d.2.4.dylib in Frameworks */,
				63B1ED5A1F08FF99009F27AC /* libopencv_ocl.dylib in Frameworks */,
				63B1ED371F08FF99009F27AC /* libopencv_contrib.2.4.13.dylib in Frameworks */,
				63B1ED5B1F08FF99009F27AC /* libopencv_photo.2.4.13.dylib in Frameworks */,
				63B1ED4B1F08FF99009F27AC /* libopencv_imgproc.dylib in Frameworks */,
				63B1ED641F08FF99009F27AC /* libopencv_ts.a in Frameworks */,
				63B1ED6A1F08FF99009F27AC /* libopencv_videostab.dylib in Frameworks */,
				63B1ED481F08FF99009F27AC /* libopencv_highgui.dylib in Frameworks */,
				63B1ED511F08FF99009F27AC /* libopencv_ml.dylib in Frameworks */,
				63B1ED5F1F08FF99009F27AC /* libopencv_stitching.2.4.dylib in Frameworks */,
				63B1ED681F08FF99009F27AC /* libopencv_videostab.2.4.13.dylib in Frameworks */,
				63B1ED3B1F08FF99009F27AC /* libopencv_core.2.4.dylib in Frameworks */,
				63B1ED3E1F08FF99009F27AC /* libopencv_features2d.2.4.dylib in Frameworks */,
				63B1ED3F1F08FF99009F27AC /* libopencv_features2d.dylib in Frameworks */,
				63B1ED4D1F08FF99009F27AC /* libopencv_legacy.2.4.dylib in Frameworks */,
				63B1ED4F1F08FF99009F27AC /* libopencv_ml.2.4.13.dylib in Frameworks */,
				63B1ED671F08FF99009F27AC /* libopencv_video.dylib in Frameworks */,
				63B1ED631F08FF99009F27AC /* libopencv_superres.dylib in Frameworks */,
				63B1ED471F08FF99009F27AC /* libopencv_highgui.2.4.dylib in Frameworks */,
				63B1ED441F08FF99009F27AC /* libopencv_gpu.2.4.dylib in Frameworks */,
				63B1ED691F08FF99009F27AC /* libopencv_videostab.2.4.dylib in Frameworks */,
				63B1ED4A1F08FF99009F27AC /* libopencv_imgproc.2.4.dylib in Frameworks */,
				63B1ED3A1F08FF99009F27AC /* libopencv_core.2.4.13.dylib in Frameworks */,
				63B1ED531F08FF99009F27AC /* libopencv_nonfree.2.4.dylib in Frameworks */,
				63B1ED421F08FF99009F27AC /* libopencv_flann.dylib in Frameworks */,
				63B1ED451F08FF99009F27AC /* libopencv_gpu.dylib in Frameworks */,
				63B1ED5C1F08FF99009F27AC /* libopencv_photo.2.4.dylib in Frameworks */,
				63B1ED431F08FF99009F27AC /* libopencv_gpu.2.4.13.dylib in Frameworks */,
				63B1ED5D1F08FF99009F27AC /* libopencv_photo.dylib in Frameworks */,
				63B1ED581F08FF99009F27AC /* libopencv_ocl.2.4.13.dylib in Frameworks */,
				63B1ED491F08FF99009F27AC /* libopencv_imgproc.2.4.13.dylib in Frameworks */,
				63B1ED411F08FF99009F27AC /* libopencv_flann.2.4.dylib in Frameworks */,
				63B1ED381F08FF99009F27AC /* libopencv_contrib.2.4.dylib in Frameworks */,
				63B1ED401F08FF99009F27AC /* libopencv_flann.2.4.13.dylib in Frameworks */,
				63B1ED3C1F08FF99009F27AC /* libopencv_core.dylib in Frameworks */,
				63B1ED331F08FF99009F27AC /* libiomp5.dylib in Frameworks */,
				63B1ED571F08FF99009F27AC /* libopencv_objdetect.dylib in Frameworks */,
				63B1ED391F08FF99009F27AC /* libopencv_contrib.dylib in Frameworks */,
				63B1ED3D1F08FF99009F27AC /* libopencv_features2d.2.4.13.dylib in Frameworks */,
				63B1ED551F08FF99009F27AC /* libopencv_objdetect.2.4.13.dylib in Frameworks */,
				63B1ED461F08FF99009F27AC /* libopencv_highgui.2.4.13.dylib in Frameworks */,
				63B1ED651F08FF99009F27AC /* libopencv_video.2.4.13.dylib in Frameworks */,
				63B1ED341F08FF99009F27AC /* libopencv_calib3d.2.4.13.dylib in Frameworks */,
				63B1ED621F08FF99009F27AC /* libopencv_superres.2.4.dylib in Frameworks */,
				63B1ED4E1F08FF99009F27AC /* libopencv_legacy.dylib in Frameworks */,
				63B1ED4C1F08FF99009F27AC /* libopencv_legacy.2.4.13.dylib in Frameworks */,
				63B1ED591F08FF99009F27AC /* libopencv_ocl.2.4.dylib in Frameworks */,
				63B1ED561F08FF99009F27AC /* libopencv_objdetect.2.4.dylib in Frameworks */,
				63B1ED541F08FF99009F27AC /* libopencv_nonfree.dylib in Frameworks */,
			);
			runOnlyForDeploymentPostprocessing = 0;
		};
/* End PBXFrameworksBuildPhase section */

/* Begin PBXGroup section */
		63A8C7A91F0391F800B30567 = {
			isa = PBXGroup;
			children = (
				63A8C7B41F0391F800B30567 /* NPD_A */,
				63A8C7B31F0391F800B30567 /* Products */,
			);
			sourceTree = "<group>";
		};
		63A8C7B31F0391F800B30567 /* Products */ = {
			isa = PBXGroup;
			children = (
				63A8C7B21F0391F800B30567 /* NPD_A */,
			);
			name = Products;
			sourceTree = "<group>";
		};
		63A8C7B41F0391F800B30567 /* NPD_A */ = {
			isa = PBXGroup;
			children = (
				63B1ED6B1F08FFA2009F27AC /* openCVLIB */,
				63A8C7BF1F0493A900B30567 /* Dataset.cpp */,
				63A8C7C01F0493A900B30567 /* Dataset.h */,
				63A8C7C11F0493A900B30567 /* Parameter.cpp */,
				63A8C7C21F0493A900B30567 /* Parameter.h */,
				63A8C7B51F0391F800B30567 /* main.cpp */,
				63A8C7BC1F03921800B30567 /* DQT.cpp */,
				63A8C7C51F0493CA00B30567 /* common.h */,
				634F28071F05222B00F9E303 /* Adaboost.cpp */,
				634F28081F05222B00F9E303 /* Adaboost.h */,
			);
			path = NPD_A;
			sourceTree = "<group>";
		};
		63B1ED6B1F08FFA2009F27AC /* openCVLIB */ = {
			isa = PBXGroup;
			children = (
				63B1ECFB1F08FF99009F27AC /* libiomp5.dylib */,
				63B1ECFC1F08FF99009F27AC /* libopencv_calib3d.2.4.13.dylib */,
				63B1ECFD1F08FF99009F27AC /* libopencv_calib3d.2.4.dylib */,
				63B1ECFE1F08FF99009F27AC /* libopencv_calib3d.dylib */,
				63B1ECFF1F08FF99009F27AC /* libopencv_contrib.2.4.13.dylib */,
				63B1ED001F08FF99009F27AC /* libopencv_contrib.2.4.dylib */,
				63B1ED011F08FF99009F27AC /* libopencv_contrib.dylib */,
				63B1ED021F08FF99009F27AC /* libopencv_core.2.4.13.dylib */,
				63B1ED031F08FF99009F27AC /* libopencv_core.2.4.dylib */,
				63B1ED041F08FF99009F27AC /* libopencv_core.dylib */,
				63B1ED051F08FF99009F27AC /* libopencv_features2d.2.4.13.dylib */,
				63B1ED061F08FF99009F27AC /* libopencv_features2d.2.4.dylib */,
				63B1ED071F08FF99009F27AC /* libopencv_features2d.dylib */,
				63B1ED081F08FF99009F27AC /* libopencv_flann.2.4.13.dylib */,
				63B1ED091F08FF99009F27AC /* libopencv_flann.2.4.dylib */,
				63B1ED0A1F08FF99009F27AC /* libopencv_flann.dylib */,
				63B1ED0B1F08FF99009F27AC /* libopencv_gpu.2.4.13.dylib */,
				63B1ED0C1F08FF99009F27AC /* libopencv_gpu.2.4.dylib */,
				63B1ED0D1F08FF99009F27AC /* libopencv_gpu.dylib */,
				63B1ED0E1F08FF99009F27AC /* libopencv_highgui.2.4.13.dylib */,
				63B1ED0F1F08FF99009F27AC /* libopencv_highgui.2.4.dylib */,
				63B1ED101F08FF99009F27AC /* libopencv_highgui.dylib */,
				63B1ED111F08FF99009F27AC /* libopencv_imgproc.2.4.13.dylib */,
				63B1ED121F08FF99009F27AC /* libopencv_imgproc.2.4.dylib */,
				63B1ED131F08FF99009F27AC /* libopencv_imgproc.dylib */,
				63B1ED141F08FF99009F27AC /* libopencv_legacy.2.4.13.dylib */,
				63B1ED151F08FF99009F27AC /* libopencv_legacy.2.4.dylib */,
				63B1ED161F08FF99009F27AC /* libopencv_legacy.dylib */,
				63B1ED171F08FF99009F27AC /* libopencv_ml.2.4.13.dylib */,
				63B1ED181F08FF99009F27AC /* libopencv_ml.2.4.dylib */,
				63B1ED191F08FF99009F27AC /* libopencv_ml.dylib */,
				63B1ED1A1F08FF99009F27AC /* libopencv_nonfree.2.4.13.dylib */,
				63B1ED1B1F08FF99009F27AC /* libopencv_nonfree.2.4.dylib */,
				63B1ED1C1F08FF99009F27AC /* libopencv_nonfree.dylib */,
				63B1ED1D1F08FF99009F27AC /* libopencv_objdetect.2.4.13.dylib */,
				63B1ED1E1F08FF99009F27AC /* libopencv_objdetect.2.4.dylib */,
				63B1ED1F1F08FF99009F27AC /* libopencv_objdetect.dylib */,
				63B1ED201F08FF99009F27AC /* libopencv_ocl.2.4.13.dylib */,
				63B1ED211F08FF99009F27AC /* libopencv_ocl.2.4.dylib */,
				63B1ED221F08FF99009F27AC /* libopencv_ocl.dylib */,
				63B1ED231F08FF99009F27AC /* libopencv_photo.2.4.13.dylib */,
				63B1ED241F08FF99009F27AC /* libopencv_photo.2.4.dylib */,
				63B1ED251F08FF99009F27AC /* libopencv_photo.dylib */,
				63B1ED261F08FF99009F27AC /* libopencv_stitching.2.4.13.dylib */,
				63B1ED271F08FF99009F27AC /* libopencv_stitching.2.4.dylib */,
				63B1ED281F08FF99009F27AC /* libopencv_stitching.dylib */,
				63B1ED291F08FF99009F27AC /* libopencv_superres.2.4.13.dylib */,
				63B1ED2A1F08FF99009F27AC /* libopencv_superres.2.4.dylib */,
				63B1ED2B1F08FF99009F27AC /* libopencv_superres.dylib */,
				63B1ED2C1F08FF99009F27AC /* libopencv_ts.a */,
				63B1ED2D1F08FF99009F27AC /* libopencv_video.2.4.13.dylib */,
				63B1ED2E1F08FF99009F27AC /* libopencv_video.2.4.dylib */,
				63B1ED2F1F08FF99009F27AC /* libopencv_video.dylib */,
				63B1ED301F08FF99009F27AC /* libopencv_videostab.2.4.13.dylib */,
				63B1ED311F08FF99009F27AC /* libopencv_videostab.2.4.dylib */,
				63B1ED321F08FF99009F27AC /* libopencv_videostab.dylib */,
			);
			name = openCVLIB;
			sourceTree = "<group>";
		};
/* End PBXGroup section */

/* Begin PBXNativeTarget section */
		63A8C7B11F0391F800B30567 /* NPD_A */ = {
			isa = PBXNativeTarget;
			buildConfigurationList = 63A8C7B91F0391F800B30567 /* Build configuration list for PBXNativeTarget "NPD_A" */;
			buildPhases = (
				63A8C7AE1F0391F800B30567 /* Sources */,
				63A8C7AF1F0391F800B30567 /* Frameworks */,
				63A8C7B01F0391F800B30567 /* CopyFiles */,
			);
			buildRules = (
			);
			dependencies = (
			);
			name = NPD_A;
			productName = NPD_A;
			productReference = 63A8C7B21F0391F800B30567 /* NPD_A */;
			productType = "com.apple.product-type.tool";
		};
/* End PBXNativeTarget section */

/* Begin PBXProject section */
		63A8C7AA1F0391F800B30567 /* Project object */ = {
			isa = PBXProject;
			attributes = {
				LastUpgradeCheck = 0830;
				ORGANIZATIONNAME = "Shitao Chen";
				TargetAttributes = {
					63A8C7B11F0391F800B30567 = {
						CreatedOnToolsVersion = 8.3.3;
						ProvisioningStyle = Automatic;
					};
				};
			};
			buildConfigurationList = 63A8C7AD1F0391F800B30567 /* Build configuration list for PBXProject "NPD_A" */;
			compatibilityVersion = "Xcode 3.2";
			developmentRegion = English;
			hasScannedForEncodings = 0;
			knownRegions = (
				en,
			);
			mainGroup = 63A8C7A91F0391F800B30567;
			productRefGroup = 63A8C7B31F0391F800B30567 /* Products */;
			projectDirPath = "";
			projectRoot = "";
			targets = (
				63A8C7B11F0391F800B30567 /* NPD_A */,
			);
		};
/* End PBXProject section */

/* Begin PBXSourcesBuildPhase section */
		63A8C7AE1F0391F800B30567 /* Sources */ = {
			isa = PBXSourcesBuildPhase;
			buildActionMask = 2147483647;
			files = (
				63A8C7B61F0391F800B30567 /* main.cpp in Sources */,
				63A8C7C31F0493A900B30567 /* Dataset.cpp in Sources */,
				63A8C7BE1F03921800B30567 /* DQT.cpp in Sources */,
				63A8C7C41F0493A900B30567 /* Parameter.cpp in Sources */,
				634F28091F05222B00F9E303 /* Adaboost.cpp in Sources */,
			);
			runOnlyForDeploymentPostprocessing = 0;
		};
/* End PBXSourcesBuildPhase section */

/* Begin XCBuildConfiguration section */
		63A8C7B71F0391F800B30567 /* Debug */ = {
			isa = XCBuildConfiguration;
			buildSettings = {
				ALWAYS_SEARCH_USER_PATHS = NO;
				CLANG_ANALYZER_NONNULL = YES;
				CLANG_ANALYZER_NUMBER_OBJECT_CONVERSION = YES_AGGRESSIVE;
				CLANG_CXX_LANGUAGE_STANDARD = "gnu++0x";
				CLANG_CXX_LIBRARY = "libc++";
				CLANG_ENABLE_MODULES = YES;
				CLANG_ENABLE_OBJC_ARC = YES;
				CLANG_WARN_BOOL_CONVERSION = YES;
				CLANG_WARN_CONSTANT_CONVERSION = YES;
				CLANG_WARN_DIRECT_OBJC_ISA_USAGE = YES_ERROR;
				CLANG_WARN_DOCUMENTATION_COMMENTS = YES;
				CLANG_WARN_EMPTY_BODY = YES;
				CLANG_WARN_ENUM_CONVERSION = YES;
				CLANG_WARN_INFINITE_RECURSION = YES;
				CLANG_WARN_INT_CONVERSION = YES;
				CLANG_WARN_OBJC_ROOT_CLASS = YES_ERROR;
				CLANG_WARN_SUSPICIOUS_MOVE = YES;
				CLANG_WARN_UNREACHABLE_CODE = YES;
				CLANG_WARN__DUPLICATE_METHOD_MATCH = YES;
				CODE_SIGN_IDENTITY = "-";
				COPY_PHASE_STRIP = NO;
				DEBUG_INFORMATION_FORMAT = dwarf;
				ENABLE_STRICT_OBJC_MSGSEND = YES;
				ENABLE_TESTABILITY = YES;
				GCC_C_LANGUAGE_STANDARD = gnu99;
				GCC_DYNAMIC_NO_PIC = NO;
				GCC_NO_COMMON_BLOCKS = YES;
				GCC_OPTIMIZATION_LEVEL = 0;
				GCC_PREPROCESSOR_DEFINITIONS = (
					"DEBUG=1",
					"$(inherited)",
				);
				GCC_WARN_64_TO_32_BIT_CONVERSION = YES;
				GCC_WARN_ABOUT_RETURN_TYPE = YES_ERROR;
				GCC_WARN_UNDECLARED_SELECTOR = YES;
				GCC_WARN_UNINITIALIZED_AUTOS = YES_AGGRESSIVE;
				GCC_WARN_UNUSED_FUNCTION = YES;
				GCC_WARN_UNUSED_VARIABLE = YES;
				MACOSX_DEPLOYMENT_TARGET = 10.12;
				MTL_ENABLE_DEBUG_INFO = YES;
				ONLY_ACTIVE_ARCH = YES;
				SDKROOT = macosx;
			};
			name = Debug;
		};
		63A8C7B81F0391F800B30567 /* Release */ = {
			isa = XCBuildConfiguration;
			buildSettings = {
				ALWAYS_SEARCH_USER_PATHS = NO;
				CLANG_ANALYZER_NONNULL = YES;
				CLANG_ANALYZER_NUMBER_OBJECT_CONVERSION = YES_AGGRESSIVE;
				CLANG_CXX_LANGUAGE_STANDARD = "gnu++0x";
				CLANG_CXX_LIBRARY = "libc++";
				CLANG_ENABLE_MODULES = YES;
				CLANG_ENABLE_OBJC_ARC = YES;
				CLANG_WARN_BOOL_CONVERSION = YES;
				CLANG_WARN_CONSTANT_CONVERSION = YES;
				CLANG_WARN_DIRECT_OBJC_ISA_USAGE = YES_ERROR;
				CLANG_WARN_DOCUMENTATION_COMMENTS = YES;
				CLANG_WARN_EMPTY_BODY = YES;
				CLANG_WARN_ENUM_CONVERSION = YES;
				CLANG_WARN_INFINITE_RECURSION = YES;
				CLANG_WARN_INT_CONVERSION = YES;
				CLANG_WARN_OBJC_ROOT_CLASS = YES_ERROR;
				CLANG_WARN_SUSPICIOUS_MOVE = YES;
				CLANG_WARN_UNREACHABLE_CODE = YES;
				CLANG_WARN__DUPLICATE_METHOD_MATCH = YES;
				CODE_SIGN_IDENTITY = "-";
				COPY_PHASE_STRIP = NO;
				DEBUG_INFORMATION_FORMAT = "dwarf-with-dsym";
				ENABLE_NS_ASSERTIONS = NO;
				ENABLE_STRICT_OBJC_MSGSEND = YES;
				GCC_C_LANGUAGE_STANDARD = gnu99;
				GCC_NO_COMMON_BLOCKS = YES;
				GCC_WARN_64_TO_32_BIT_CONVERSION = YES;
				GCC_WARN_ABOUT_RETURN_TYPE = YES_ERROR;
				GCC_WARN_UNDECLARED_SELECTOR = YES;
				GCC_WARN_UNINITIALIZED_AUTOS = YES_AGGRESSIVE;
				GCC_WARN_UNUSED_FUNCTION = YES;
				GCC_WARN_UNUSED_VARIABLE = YES;
				MACOSX_DEPLOYMENT_TARGET = 10.12;
				MTL_ENABLE_DEBUG_INFO = NO;
				SDKROOT = macosx;
			};
			name = Release;
		};
		63A8C7BA1F0391F800B30567 /* Debug */ = {
			isa = XCBuildConfiguration;
			buildSettings = {
				CC = "/usr/local/bin/clang-omp";
				CLANG_ENABLE_MODULES = NO;
				HEADER_SEARCH_PATHS = (
					/usr/local/include/opencv,
					/usr/local/include,
					/usr/local/Cellar/libiomp/20150701/include/libiomp,
				);
				LIBRARY_SEARCH_PATHS = (
					"$(inherited)",
					"$(PROJECT_DIR)/NPD_A/opencvlib",
				);
				OTHER_CFLAGS = "-fopenmp";
				PRODUCT_NAME = "$(TARGET_NAME)";
			};
			name = Debug;
		};
		63A8C7BB1F0391F800B30567 /* Release */ = {
			isa = XCBuildConfiguration;
			buildSettings = {
				CC = "/usr/local/bin/clang-omp";
				CLANG_ENABLE_MODULES = NO;
				HEADER_SEARCH_PATHS = (
					/usr/local/include/opencv,
					/usr/local/include,
					/usr/local/Cellar/libiomp/20150701/include/libiomp,
				);
				LIBRARY_SEARCH_PATHS = (
					"$(inherited)",
					"$(PROJECT_DIR)/NPD_A/opencvlib",
				);
				OTHER_CFLAGS = "-fopenmp";
				PRODUCT_NAME = "$(TARGET_NAME)";
			};
			name = Release;
		};
/* End XCBuildConfiguration section */

/* Begin XCConfigurationList section */
		63A8C7AD1F0391F800B30567 /* Build configuration list for PBXProject "NPD_A" */ = {
			isa = XCConfigurationList;
			buildConfigurations = (
				63A8C7B71F0391F800B30567 /* Debug */,
				63A8C7B81F0391F800B30567 /* Release */,
			);
			defaultConfigurationIsVisible = 0;
			defaultConfigurationName = Release;
		};
		63A8C7B91F0391F800B30567 /* Build configuration list for PBXNativeTarget "NPD_A" */ = {
			isa = XCConfigurationList;
			buildConfigurations = (
				63A8C7BA1F0391F800B30567 /* Debug */,
				63A8C7BB1F0391F800B30567 /* Release */,
			);
			defaultConfigurationIsVisible = 0;
			defaultConfigurationName = Release;
		};
/* End XCConfigurationList section */
	};
	rootObject = 63A8C7AA1F0391F800B30567 /* Project object */;
}
